// !$*UTF8*$!
{
	archiveVersion = 1;
	classes = {
	};
	objectVersion = 46;
	objects = {

/* Begin PBXBuildFile section */
		001762E9814D483C9B774CD8 /* MaterialIcons.ttf in Resources */ = {isa = PBXBuildFile; fileRef = 2DE7A84C8BF347548022B8A1 /* MaterialIcons.ttf */; };
		00E356F31AD99517003FC87E /* StrokeAppTests.m in Sources */ = {isa = PBXBuildFile; fileRef = 00E356F21AD99517003FC87E /* StrokeAppTests.m */; };
		0284A94B3F4F4E5494A88EAF /* Ionicons.ttf in Resources */ = {isa = PBXBuildFile; fileRef = B0017964B1FF4D368F141BD8 /* Ionicons.ttf */; };
		0962063DCACE4B0AAC6EDBD0 /* FontAwesome5_Brands.ttf in Resources */ = {isa = PBXBuildFile; fileRef = A9CB30AB18D54C259B392600 /* FontAwesome5_Brands.ttf */; };
		13B07FBC1A68108700A75B9A /* AppDelegate.m in Sources */ = {isa = PBXBuildFile; fileRef = 13B07FB01A68108700A75B9A /* AppDelegate.m */; };
		13B07FC11A68108700A75B9A /* main.m in Sources */ = {isa = PBXBuildFile; fileRef = 13B07FB71A68108700A75B9A /* main.m */; };
		154F60C5985D4DC8BA15A7D3 /* Foundation.ttf in Resources */ = {isa = PBXBuildFile; fileRef = 86231BDCC82148918AAFFC19 /* Foundation.ttf */; };
		17E8537E27D9433FA74E75E0 /* SimpleLineIcons.ttf in Resources */ = {isa = PBXBuildFile; fileRef = 448405F0A0554F79B0AFDACC /* SimpleLineIcons.ttf */; };
		1AA3F3F9BDE44610807685B7 /* Octicons.ttf in Resources */ = {isa = PBXBuildFile; fileRef = BAB04234DDC0434E999BE4BD /* Octicons.ttf */; };
		2D02E4BC1E0B4A80006451C7 /* AppDelegate.m in Sources */ = {isa = PBXBuildFile; fileRef = 13B07FB01A68108700A75B9A /* AppDelegate.m */; };
		2D02E4BF1E0B4AB3006451C7 /* main.m in Sources */ = {isa = PBXBuildFile; fileRef = 13B07FB71A68108700A75B9A /* main.m */; };
		2DCD954D1E0B4F2C00145EB5 /* StrokeAppTests.m in Sources */ = {isa = PBXBuildFile; fileRef = 00E356F21AD99517003FC87E /* StrokeAppTests.m */; };
		44B1DBF3DE884596968200E0 /* EvilIcons.ttf in Resources */ = {isa = PBXBuildFile; fileRef = 51ACE39F460547248B978DF4 /* EvilIcons.ttf */; };
		44DA98ED77DC6CE83125768E /* libPods-StrokeApp-tvOS.a in Frameworks */ = {isa = PBXBuildFile; fileRef = FC3B1EE7EE4CA07F9BF7B199 /* libPods-StrokeApp-tvOS.a */; };
		4737FD3670E14B58B6896340 /* Roboto.ttf in Resources */ = {isa = PBXBuildFile; fileRef = 81F6EFD0962E4E8F9A4C6482 /* Roboto.ttf */; };
		524469369D4D462B844F1B45 /* Entypo.ttf in Resources */ = {isa = PBXBuildFile; fileRef = CC3C355197E7405191574E67 /* Entypo.ttf */; };
		5D7B670731DF46C086930E23 /* Feather.ttf in Resources */ = {isa = PBXBuildFile; fileRef = ABCE4D1C5FCF4D9DB15F9332 /* Feather.ttf */; };
		6956576FC6D8ACDDA7FC407A /* libPods-StrokeApp.a in Frameworks */ = {isa = PBXBuildFile; fileRef = A20BFF28C0E8C622EF85199F /* libPods-StrokeApp.a */; };
		6FFA495BF815CB6D4E288166 /* libPods-StrokeApp-tvOSTests.a in Frameworks */ = {isa = PBXBuildFile; fileRef = C99AE5672329C6C0017B0721 /* libPods-StrokeApp-tvOSTests.a */; };
		855872A9019F4E0CB49B496D /* Fontisto.ttf in Resources */ = {isa = PBXBuildFile; fileRef = E7A58585C30F48AFBAF8BF2E /* Fontisto.ttf */; };
		9D98D9AC3B2B4C08ACC754EB /* Roboto_medium.ttf in Resources */ = {isa = PBXBuildFile; fileRef = 57645F468D1B493FB36AC633 /* Roboto_medium.ttf */; };
		BCAB2678D5FC4814B3682955 /* rubicon-icon-font.ttf in Resources */ = {isa = PBXBuildFile; fileRef = 312B5E47E638492381CD21FA /* rubicon-icon-font.ttf */; };
		C3E553EF342042868F632608 /* MaterialCommunityIcons.ttf in Resources */ = {isa = PBXBuildFile; fileRef = F598465FF0B4450C9F06B9CE /* MaterialCommunityIcons.ttf */; };
		E3736211D71E4F49A5CD8CAC /* Zocial.ttf in Resources */ = {isa = PBXBuildFile; fileRef = E21AFAA332AC42E1A3927E00 /* Zocial.ttf */; };
		E724DB6F85D27FED0DF015B0 /* libPods-StrokeAppTests.a in Frameworks */ = {isa = PBXBuildFile; fileRef = 2DBB2DE2C984034D04B76C9F /* libPods-StrokeAppTests.a */; };
		E85AAF892E9848529B54275F /* FontAwesome5_Solid.ttf in Resources */ = {isa = PBXBuildFile; fileRef = 400C0C7C3C0646DFBCF21490 /* FontAwesome5_Solid.ttf */; };
		EB4D1DB323DE458EB91A645A /* FontAwesome5_Regular.ttf in Resources */ = {isa = PBXBuildFile; fileRef = 9A4E73FEC5704671AE74D329 /* FontAwesome5_Regular.ttf */; };
		ECA87D2C728F49C197C365BD /* AntDesign.ttf in Resources */ = {isa = PBXBuildFile; fileRef = 9AF9443D02724E6986AB9A97 /* AntDesign.ttf */; };
		F0ADE435011E434A9A4C233D /* FontAwesome.ttf in Resources */ = {isa = PBXBuildFile; fileRef = A34922B00E5047229E4D7A61 /* FontAwesome.ttf */; };
		F90905D7234879A1008AFDAD /* IndexValueFormatter.swift in Sources */ = {isa = PBXBuildFile; fileRef = F9090595234879A1008AFDAD /* IndexValueFormatter.swift */; };
		F90905D8234879A1008AFDAD /* RNCombinedChartView.swift in Sources */ = {isa = PBXBuildFile; fileRef = F9090597234879A1008AFDAD /* RNCombinedChartView.swift */; };
		F90905D9234879A1008AFDAD /* RNCombinedChartManager.swift in Sources */ = {isa = PBXBuildFile; fileRef = F9090598234879A1008AFDAD /* RNCombinedChartManager.swift */; };
		F90905DA234879A1008AFDAD /* RNCombinedChartManagerBridge.m in Sources */ = {isa = PBXBuildFile; fileRef = F9090599234879A1008AFDAD /* RNCombinedChartManagerBridge.m */; };
		F90905DB234879A1008AFDAD /* CombinedDataExtract.swift in Sources */ = {isa = PBXBuildFile; fileRef = F909059A234879A1008AFDAD /* CombinedDataExtract.swift */; };
		F90905DC234879A1008AFDAD /* RNYAxisChartViewBase.swift in Sources */ = {isa = PBXBuildFile; fileRef = F909059B234879A1008AFDAD /* RNYAxisChartViewBase.swift */; };
		F90905DD234879A1008AFDAD /* BalloonMarker.swift in Sources */ = {isa = PBXBuildFile; fileRef = F909059C234879A1008AFDAD /* BalloonMarker.swift */; };
		F90905DE234879A1008AFDAD /* RNBarLineChartViewBase.swift in Sources */ = {isa = PBXBuildFile; fileRef = F909059D234879A1008AFDAD /* RNBarLineChartViewBase.swift */; };
		F90905DF234879A1008AFDAD /* ChartDateFormatter.swift in Sources */ = {isa = PBXBuildFile; fileRef = F909059F234879A1008AFDAD /* ChartDateFormatter.swift */; };
		F90905E0234879A1008AFDAD /* LargeValueFormatter.swift in Sources */ = {isa = PBXBuildFile; fileRef = F90905A0234879A1008AFDAD /* LargeValueFormatter.swift */; };
		F90905E1234879A1008AFDAD /* FontUtils.swift in Sources */ = {isa = PBXBuildFile; fileRef = F90905A2234879A1008AFDAD /* FontUtils.swift */; };
		F90905E2234879A1008AFDAD /* EntryToDictionaryUtils.swift in Sources */ = {isa = PBXBuildFile; fileRef = F90905A3234879A1008AFDAD /* EntryToDictionaryUtils.swift */; };
		F90905E3234879A1008AFDAD /* ChartDataSetConfigUtils.swift in Sources */ = {isa = PBXBuildFile; fileRef = F90905A4234879A1008AFDAD /* ChartDataSetConfigUtils.swift */; };
		F90905E4234879A1008AFDAD /* HighlightUtils.swift in Sources */ = {isa = PBXBuildFile; fileRef = F90905A5234879A1008AFDAD /* HighlightUtils.swift */; };
		F90905E5234879A1008AFDAD /* BridgeUtils.swift in Sources */ = {isa = PBXBuildFile; fileRef = F90905A6234879A1008AFDAD /* BridgeUtils.swift */; };
		F90905E6234879A1008AFDAD /* RNBubbleChartManager.swift in Sources */ = {isa = PBXBuildFile; fileRef = F90905A9234879A1008AFDAD /* RNBubbleChartManager.swift */; };
		F90905E7234879A1008AFDAD /* RNBubbleChartView.swift in Sources */ = {isa = PBXBuildFile; fileRef = F90905AA234879A1008AFDAD /* RNBubbleChartView.swift */; };
		F90905E8234879A1008AFDAD /* BubbleDataExtract.swift in Sources */ = {isa = PBXBuildFile; fileRef = F90905AB234879A1008AFDAD /* BubbleDataExtract.swift */; };
		F90905E9234879A1008AFDAD /* RNBubbleChartManagerBridge.m in Sources */ = {isa = PBXBuildFile; fileRef = F90905AC234879A1008AFDAD /* RNBubbleChartManagerBridge.m */; };
		F90905EA234879A1008AFDAD /* CustomChartDateFormatter.swift in Sources */ = {isa = PBXBuildFile; fileRef = F90905AD234879A1008AFDAD /* CustomChartDateFormatter.swift */; };
		F90905EB234879A1008AFDAD /* RNBarLineChartBaseManager.swift in Sources */ = {isa = PBXBuildFile; fileRef = F90905AE234879A1008AFDAD /* RNBarLineChartBaseManager.swift */; };
		F90905EC234879A1008AFDAD /* RNPieChartView.swift in Sources */ = {isa = PBXBuildFile; fileRef = F90905B1234879A1008AFDAD /* RNPieChartView.swift */; };
		F90905ED234879A1008AFDAD /* RNPieChartManagerBridge.m in Sources */ = {isa = PBXBuildFile; fileRef = F90905B2234879A1008AFDAD /* RNPieChartManagerBridge.m */; };
		F90905EE234879A1008AFDAD /* PieDataExtract.swift in Sources */ = {isa = PBXBuildFile; fileRef = F90905B3234879A1008AFDAD /* PieDataExtract.swift */; };
		F90905EF234879A1008AFDAD /* RNPieChartManager.swift in Sources */ = {isa = PBXBuildFile; fileRef = F90905B4234879A1008AFDAD /* RNPieChartManager.swift */; };
		F90905F0234879A1008AFDAD /* RNScatterChartManager.swift in Sources */ = {isa = PBXBuildFile; fileRef = F90905B6234879A1008AFDAD /* RNScatterChartManager.swift */; };
		F90905F1234879A1008AFDAD /* RNScatterChartView.swift in Sources */ = {isa = PBXBuildFile; fileRef = F90905B7234879A1008AFDAD /* RNScatterChartView.swift */; };
		F90905F2234879A1008AFDAD /* RNScatterChartManagerBridge.m in Sources */ = {isa = PBXBuildFile; fileRef = F90905B8234879A1008AFDAD /* RNScatterChartManagerBridge.m */; };
		F90905F3234879A1008AFDAD /* ScatterDataExtract.swift in Sources */ = {isa = PBXBuildFile; fileRef = F90905B9234879A1008AFDAD /* ScatterDataExtract.swift */; };
		F90905F4234879A1008AFDAD /* RNLineChartView.swift in Sources */ = {isa = PBXBuildFile; fileRef = F90905BB234879A1008AFDAD /* RNLineChartView.swift */; };
		F90905F5234879A1008AFDAD /* RNLineChartManager.swift in Sources */ = {isa = PBXBuildFile; fileRef = F90905BC234879A1008AFDAD /* RNLineChartManager.swift */; };
		F90905F6234879A1008AFDAD /* RNLineChartManagerBridge.m in Sources */ = {isa = PBXBuildFile; fileRef = F90905BD234879A1008AFDAD /* RNLineChartManagerBridge.m */; };
		F90905F7234879A1008AFDAD /* LineDataExtract.swift in Sources */ = {isa = PBXBuildFile; fileRef = F90905BE234879A1008AFDAD /* LineDataExtract.swift */; };
		F90905F8234879A1008AFDAD /* CandleDataExtract.swift in Sources */ = {isa = PBXBuildFile; fileRef = F90905C0234879A1008AFDAD /* CandleDataExtract.swift */; };
		F90905F9234879A1008AFDAD /* RNCandleStickChartView.swift in Sources */ = {isa = PBXBuildFile; fileRef = F90905C1234879A1008AFDAD /* RNCandleStickChartView.swift */; };
		F90905FA234879A1008AFDAD /* RNCandleStickChartManager.swift in Sources */ = {isa = PBXBuildFile; fileRef = F90905C2234879A1008AFDAD /* RNCandleStickChartManager.swift */; };
		F90905FB234879A1008AFDAD /* RNCandleStickChartManagerBridge.m in Sources */ = {isa = PBXBuildFile; fileRef = F90905C3234879A1008AFDAD /* RNCandleStickChartManagerBridge.m */; };
		F90905FC234879A1008AFDAD /* RNBarChartViewBase.swift in Sources */ = {isa = PBXBuildFile; fileRef = F90905C7234879A1008AFDAD /* RNBarChartViewBase.swift */; };
		F90905FD234879A1008AFDAD /* BarDataExtract.swift in Sources */ = {isa = PBXBuildFile; fileRef = F90905C8234879A1008AFDAD /* BarDataExtract.swift */; };
		F90905FE234879A1008AFDAD /* RNHorizontalBarChartManager.swift in Sources */ = {isa = PBXBuildFile; fileRef = F90905C9234879A1008AFDAD /* RNHorizontalBarChartManager.swift */; };
		F90905FF234879A1008AFDAD /* RNBarChartManager.swift in Sources */ = {isa = PBXBuildFile; fileRef = F90905CA234879A1008AFDAD /* RNBarChartManager.swift */; };
		F9090600234879A1008AFDAD /* RNBarChartManagerBridge.m in Sources */ = {isa = PBXBuildFile; fileRef = F90905CB234879A1008AFDAD /* RNBarChartManagerBridge.m */; };
		F9090601234879A1008AFDAD /* RNBarChartView.swift in Sources */ = {isa = PBXBuildFile; fileRef = F90905CC234879A1008AFDAD /* RNBarChartView.swift */; };
		F9090602234879A1008AFDAD /* RNHorizontalBarChartView.swift in Sources */ = {isa = PBXBuildFile; fileRef = F90905CD234879A1008AFDAD /* RNHorizontalBarChartView.swift */; };
		F9090603234879A1008AFDAD /* RNHorizontalBarChartManagerBridge.m in Sources */ = {isa = PBXBuildFile; fileRef = F90905CE234879A1008AFDAD /* RNHorizontalBarChartManagerBridge.m */; };
		F9090604234879A1008AFDAD /* RadarDataExtract.swift in Sources */ = {isa = PBXBuildFile; fileRef = F90905D0234879A1008AFDAD /* RadarDataExtract.swift */; };
		F9090605234879A1008AFDAD /* RNRadarChartManagerBridge.m in Sources */ = {isa = PBXBuildFile; fileRef = F90905D1234879A1008AFDAD /* RNRadarChartManagerBridge.m */; };
		F9090606234879A1008AFDAD /* RNRadarChartView.swift in Sources */ = {isa = PBXBuildFile; fileRef = F90905D2234879A1008AFDAD /* RNRadarChartView.swift */; };
		F9090607234879A1008AFDAD /* RNRadarChartManager.swift in Sources */ = {isa = PBXBuildFile; fileRef = F90905D3234879A1008AFDAD /* RNRadarChartManager.swift */; };
		F9090608234879A1008AFDAD /* RNChartViewBase.swift in Sources */ = {isa = PBXBuildFile; fileRef = F90905D4234879A1008AFDAD /* RNChartViewBase.swift */; };
		F9090609234879A1008AFDAD /* ChartGroupHolder.swift in Sources */ = {isa = PBXBuildFile; fileRef = F90905D5234879A1008AFDAD /* ChartGroupHolder.swift */; };
		F909060A234879A1008AFDAD /* DataExtract.swift in Sources */ = {isa = PBXBuildFile; fileRef = F90905D6234879A1008AFDAD /* DataExtract.swift */; };
		F9F024492349E34B00E08E18 /* Images.xcassets in Resources */ = {isa = PBXBuildFile; fileRef = F9F024482349E34B00E08E18 /* Images.xcassets */; };
		F9F0244A2349E3B300E08E18 /* LaunchScreen.xib in Resources */ = {isa = PBXBuildFile; fileRef = 13B07FB11A68108700A75B9A /* LaunchScreen.xib */; };
/* End PBXBuildFile section */

/* Begin PBXContainerItemProxy section */
		00E356F41AD99517003FC87E /* PBXContainerItemProxy */ = {
			isa = PBXContainerItemProxy;
			containerPortal = 83CBB9F71A601CBA00E9B192 /* Project object */;
			proxyType = 1;
			remoteGlobalIDString = 13B07F861A680F5B00A75B9A;
			remoteInfo = StrokeApp;
		};
		2D02E4911E0B4A5D006451C7 /* PBXContainerItemProxy */ = {
			isa = PBXContainerItemProxy;
			containerPortal = 83CBB9F71A601CBA00E9B192 /* Project object */;
			proxyType = 1;
			remoteGlobalIDString = 2D02E47A1E0B4A5D006451C7;
			remoteInfo = "StrokeApp-tvOS";
		};
/* End PBXContainerItemProxy section */

/* Begin PBXFileReference section */
		008F07F21AC5B25A0029DE68 /* main.jsbundle */ = {isa = PBXFileReference; fileEncoding = 4; lastKnownFileType = text; path = main.jsbundle; sourceTree = "<group>"; };
		00E356EE1AD99517003FC87E /* StrokeAppTests.xctest */ = {isa = PBXFileReference; explicitFileType = wrapper.cfbundle; includeInIndex = 0; path = StrokeAppTests.xctest; sourceTree = BUILT_PRODUCTS_DIR; };
		00E356F11AD99517003FC87E /* Info.plist */ = {isa = PBXFileReference; lastKnownFileType = text.plist.xml; path = Info.plist; sourceTree = "<group>"; };
		00E356F21AD99517003FC87E /* StrokeAppTests.m */ = {isa = PBXFileReference; lastKnownFileType = sourcecode.c.objc; path = StrokeAppTests.m; sourceTree = "<group>"; };
		13B07F961A680F5B00A75B9A /* StrokeApp.app */ = {isa = PBXFileReference; explicitFileType = wrapper.application; includeInIndex = 0; path = StrokeApp.app; sourceTree = BUILT_PRODUCTS_DIR; };
		13B07FAF1A68108700A75B9A /* AppDelegate.h */ = {isa = PBXFileReference; fileEncoding = 4; lastKnownFileType = sourcecode.c.h; name = AppDelegate.h; path = StrokeApp/AppDelegate.h; sourceTree = "<group>"; };
		13B07FB01A68108700A75B9A /* AppDelegate.m */ = {isa = PBXFileReference; fileEncoding = 4; lastKnownFileType = sourcecode.c.objc; name = AppDelegate.m; path = StrokeApp/AppDelegate.m; sourceTree = "<group>"; };
		13B07FB21A68108700A75B9A /* Base */ = {isa = PBXFileReference; lastKnownFileType = file.xib; name = Base; path = Base.lproj/LaunchScreen.xib; sourceTree = "<group>"; };
		13B07FB61A68108700A75B9A /* Info.plist */ = {isa = PBXFileReference; fileEncoding = 4; lastKnownFileType = text.plist.xml; name = Info.plist; path = StrokeApp/Info.plist; sourceTree = "<group>"; };
		13B07FB71A68108700A75B9A /* main.m */ = {isa = PBXFileReference; fileEncoding = 4; lastKnownFileType = sourcecode.c.objc; name = main.m; path = StrokeApp/main.m; sourceTree = "<group>"; };
		1C2E2DD65A22194E3B71D4E2 /* Pods-StrokeAppTests.release.xcconfig */ = {isa = PBXFileReference; includeInIndex = 1; lastKnownFileType = text.xcconfig; name = "Pods-StrokeAppTests.release.xcconfig"; path = "Target Support Files/Pods-StrokeAppTests/Pods-StrokeAppTests.release.xcconfig"; sourceTree = "<group>"; };
		1C998AD46B83161B3F073611 /* Pods-StrokeApp-tvOSTests.release.xcconfig */ = {isa = PBXFileReference; includeInIndex = 1; lastKnownFileType = text.xcconfig; name = "Pods-StrokeApp-tvOSTests.release.xcconfig"; path = "Target Support Files/Pods-StrokeApp-tvOSTests/Pods-StrokeApp-tvOSTests.release.xcconfig"; sourceTree = "<group>"; };
		2060B3F679D09DC2CF09E270 /* Pods-StrokeApp-tvOS.release.xcconfig */ = {isa = PBXFileReference; includeInIndex = 1; lastKnownFileType = text.xcconfig; name = "Pods-StrokeApp-tvOS.release.xcconfig"; path = "Target Support Files/Pods-StrokeApp-tvOS/Pods-StrokeApp-tvOS.release.xcconfig"; sourceTree = "<group>"; };
		2D02E47B1E0B4A5D006451C7 /* StrokeApp-tvOS.app */ = {isa = PBXFileReference; explicitFileType = wrapper.application; includeInIndex = 0; path = "StrokeApp-tvOS.app"; sourceTree = BUILT_PRODUCTS_DIR; };
		2D02E4901E0B4A5D006451C7 /* StrokeApp-tvOSTests.xctest */ = {isa = PBXFileReference; explicitFileType = wrapper.cfbundle; includeInIndex = 0; path = "StrokeApp-tvOSTests.xctest"; sourceTree = BUILT_PRODUCTS_DIR; };
		2DBB2DE2C984034D04B76C9F /* libPods-StrokeAppTests.a */ = {isa = PBXFileReference; explicitFileType = archive.ar; includeInIndex = 0; path = "libPods-StrokeAppTests.a"; sourceTree = BUILT_PRODUCTS_DIR; };
		2DE7A84C8BF347548022B8A1 /* MaterialIcons.ttf */ = {isa = PBXFileReference; explicitFileType = undefined; fileEncoding = 9; includeInIndex = 0; lastKnownFileType = unknown; name = MaterialIcons.ttf; path = "../node_modules/native-base/Fonts/MaterialIcons.ttf"; sourceTree = "<group>"; };
		312B5E47E638492381CD21FA /* rubicon-icon-font.ttf */ = {isa = PBXFileReference; explicitFileType = undefined; fileEncoding = 9; includeInIndex = 0; lastKnownFileType = unknown; name = "rubicon-icon-font.ttf"; path = "../node_modules/native-base/Fonts/rubicon-icon-font.ttf"; sourceTree = "<group>"; };
		400C0C7C3C0646DFBCF21490 /* FontAwesome5_Solid.ttf */ = {isa = PBXFileReference; explicitFileType = undefined; fileEncoding = 9; includeInIndex = 0; lastKnownFileType = unknown; name = FontAwesome5_Solid.ttf; path = "../node_modules/native-base/Fonts/FontAwesome5_Solid.ttf"; sourceTree = "<group>"; };
		448405F0A0554F79B0AFDACC /* SimpleLineIcons.ttf */ = {isa = PBXFileReference; explicitFileType = undefined; fileEncoding = 9; includeInIndex = 0; lastKnownFileType = unknown; name = SimpleLineIcons.ttf; path = "../node_modules/native-base/Fonts/SimpleLineIcons.ttf"; sourceTree = "<group>"; };
		485C9ECF19FF175213DE0B2D /* Pods-StrokeApp-tvOS.debug.xcconfig */ = {isa = PBXFileReference; includeInIndex = 1; lastKnownFileType = text.xcconfig; name = "Pods-StrokeApp-tvOS.debug.xcconfig"; path = "Target Support Files/Pods-StrokeApp-tvOS/Pods-StrokeApp-tvOS.debug.xcconfig"; sourceTree = "<group>"; };
		51ACE39F460547248B978DF4 /* EvilIcons.ttf */ = {isa = PBXFileReference; explicitFileType = undefined; fileEncoding = 9; includeInIndex = 0; lastKnownFileType = unknown; name = EvilIcons.ttf; path = "../node_modules/native-base/Fonts/EvilIcons.ttf"; sourceTree = "<group>"; };
		57645F468D1B493FB36AC633 /* Roboto_medium.ttf */ = {isa = PBXFileReference; explicitFileType = undefined; fileEncoding = 9; includeInIndex = 0; lastKnownFileType = unknown; name = Roboto_medium.ttf; path = "../node_modules/native-base/Fonts/Roboto_medium.ttf"; sourceTree = "<group>"; };
		81F6EFD0962E4E8F9A4C6482 /* Roboto.ttf */ = {isa = PBXFileReference; explicitFileType = undefined; fileEncoding = 9; includeInIndex = 0; lastKnownFileType = unknown; name = Roboto.ttf; path = "../node_modules/native-base/Fonts/Roboto.ttf"; sourceTree = "<group>"; };
		86231BDCC82148918AAFFC19 /* Foundation.ttf */ = {isa = PBXFileReference; explicitFileType = undefined; fileEncoding = 9; includeInIndex = 0; lastKnownFileType = unknown; name = Foundation.ttf; path = "../node_modules/native-base/Fonts/Foundation.ttf"; sourceTree = "<group>"; };
		9A4E73FEC5704671AE74D329 /* FontAwesome5_Regular.ttf */ = {isa = PBXFileReference; explicitFileType = undefined; fileEncoding = 9; includeInIndex = 0; lastKnownFileType = unknown; name = FontAwesome5_Regular.ttf; path = "../node_modules/native-base/Fonts/FontAwesome5_Regular.ttf"; sourceTree = "<group>"; };
		9AF9443D02724E6986AB9A97 /* AntDesign.ttf */ = {isa = PBXFileReference; explicitFileType = undefined; fileEncoding = 9; includeInIndex = 0; lastKnownFileType = unknown; name = AntDesign.ttf; path = "../node_modules/native-base/Fonts/AntDesign.ttf"; sourceTree = "<group>"; };
		A20BFF28C0E8C622EF85199F /* libPods-StrokeApp.a */ = {isa = PBXFileReference; explicitFileType = archive.ar; includeInIndex = 0; path = "libPods-StrokeApp.a"; sourceTree = BUILT_PRODUCTS_DIR; };
		A34922B00E5047229E4D7A61 /* FontAwesome.ttf */ = {isa = PBXFileReference; explicitFileType = undefined; fileEncoding = 9; includeInIndex = 0; lastKnownFileType = unknown; name = FontAwesome.ttf; path = "../node_modules/native-base/Fonts/FontAwesome.ttf"; sourceTree = "<group>"; };
		A9CB30AB18D54C259B392600 /* FontAwesome5_Brands.ttf */ = {isa = PBXFileReference; explicitFileType = undefined; fileEncoding = 9; includeInIndex = 0; lastKnownFileType = unknown; name = FontAwesome5_Brands.ttf; path = "../node_modules/native-base/Fonts/FontAwesome5_Brands.ttf"; sourceTree = "<group>"; };
		ABCE4D1C5FCF4D9DB15F9332 /* Feather.ttf */ = {isa = PBXFileReference; explicitFileType = undefined; fileEncoding = 9; includeInIndex = 0; lastKnownFileType = unknown; name = Feather.ttf; path = "../node_modules/native-base/Fonts/Feather.ttf"; sourceTree = "<group>"; };
		B0017964B1FF4D368F141BD8 /* Ionicons.ttf */ = {isa = PBXFileReference; explicitFileType = undefined; fileEncoding = 9; includeInIndex = 0; lastKnownFileType = unknown; name = Ionicons.ttf; path = "../node_modules/native-base/Fonts/Ionicons.ttf"; sourceTree = "<group>"; };
		B508B7127722730D3DD11019 /* Pods-StrokeAppTests.debug.xcconfig */ = {isa = PBXFileReference; includeInIndex = 1; lastKnownFileType = text.xcconfig; name = "Pods-StrokeAppTests.debug.xcconfig"; path = "Target Support Files/Pods-StrokeAppTests/Pods-StrokeAppTests.debug.xcconfig"; sourceTree = "<group>"; };
		B89EED558862434AFAE4D62B /* Pods-StrokeApp.release.xcconfig */ = {isa = PBXFileReference; includeInIndex = 1; lastKnownFileType = text.xcconfig; name = "Pods-StrokeApp.release.xcconfig"; path = "Target Support Files/Pods-StrokeApp/Pods-StrokeApp.release.xcconfig"; sourceTree = "<group>"; };
		BAB04234DDC0434E999BE4BD /* Octicons.ttf */ = {isa = PBXFileReference; explicitFileType = undefined; fileEncoding = 9; includeInIndex = 0; lastKnownFileType = unknown; name = Octicons.ttf; path = "../node_modules/native-base/Fonts/Octicons.ttf"; sourceTree = "<group>"; };
		C303BB4AE31163D20EF468A2 /* Pods-StrokeApp-tvOSTests.debug.xcconfig */ = {isa = PBXFileReference; includeInIndex = 1; lastKnownFileType = text.xcconfig; name = "Pods-StrokeApp-tvOSTests.debug.xcconfig"; path = "Target Support Files/Pods-StrokeApp-tvOSTests/Pods-StrokeApp-tvOSTests.debug.xcconfig"; sourceTree = "<group>"; };
		C99AE5672329C6C0017B0721 /* libPods-StrokeApp-tvOSTests.a */ = {isa = PBXFileReference; explicitFileType = archive.ar; includeInIndex = 0; path = "libPods-StrokeApp-tvOSTests.a"; sourceTree = BUILT_PRODUCTS_DIR; };
		CC3C355197E7405191574E67 /* Entypo.ttf */ = {isa = PBXFileReference; explicitFileType = undefined; fileEncoding = 9; includeInIndex = 0; lastKnownFileType = unknown; name = Entypo.ttf; path = "../node_modules/native-base/Fonts/Entypo.ttf"; sourceTree = "<group>"; };
		DEDD1B62772B5D04235287B4 /* Pods-StrokeApp.debug.xcconfig */ = {isa = PBXFileReference; includeInIndex = 1; lastKnownFileType = text.xcconfig; name = "Pods-StrokeApp.debug.xcconfig"; path = "Target Support Files/Pods-StrokeApp/Pods-StrokeApp.debug.xcconfig"; sourceTree = "<group>"; };
		E21AFAA332AC42E1A3927E00 /* Zocial.ttf */ = {isa = PBXFileReference; explicitFileType = undefined; fileEncoding = 9; includeInIndex = 0; lastKnownFileType = unknown; name = Zocial.ttf; path = "../node_modules/native-base/Fonts/Zocial.ttf"; sourceTree = "<group>"; };
		E7A58585C30F48AFBAF8BF2E /* Fontisto.ttf */ = {isa = PBXFileReference; explicitFileType = undefined; fileEncoding = 9; includeInIndex = 0; lastKnownFileType = unknown; name = Fontisto.ttf; path = "../node_modules/native-base/Fonts/Fontisto.ttf"; sourceTree = "<group>"; };
		ED297162215061F000B7C4FE /* JavaScriptCore.framework */ = {isa = PBXFileReference; lastKnownFileType = wrapper.framework; name = JavaScriptCore.framework; path = System/Library/Frameworks/JavaScriptCore.framework; sourceTree = SDKROOT; };
		ED2971642150620600B7C4FE /* JavaScriptCore.framework */ = {isa = PBXFileReference; lastKnownFileType = wrapper.framework; name = JavaScriptCore.framework; path = Platforms/AppleTVOS.platform/Developer/SDKs/AppleTVOS12.0.sdk/System/Library/Frameworks/JavaScriptCore.framework; sourceTree = DEVELOPER_DIR; };
		F598465FF0B4450C9F06B9CE /* MaterialCommunityIcons.ttf */ = {isa = PBXFileReference; explicitFileType = undefined; fileEncoding = 9; includeInIndex = 0; lastKnownFileType = unknown; name = MaterialCommunityIcons.ttf; path = "../node_modules/native-base/Fonts/MaterialCommunityIcons.ttf"; sourceTree = "<group>"; };
		F909058F234878CA008AFDAD /* cxxreact.framework */ = {isa = PBXFileReference; explicitFileType = wrapper.framework; path = cxxreact.framework; sourceTree = BUILT_PRODUCTS_DIR; };
		F9090591234878EE008AFDAD /* DoubleConversion.framework */ = {isa = PBXFileReference; explicitFileType = wrapper.framework; path = DoubleConversion.framework; sourceTree = BUILT_PRODUCTS_DIR; };
		F9090595234879A1008AFDAD /* IndexValueFormatter.swift */ = {isa = PBXFileReference; fileEncoding = 4; lastKnownFileType = sourcecode.swift; path = IndexValueFormatter.swift; sourceTree = "<group>"; };
		F9090597234879A1008AFDAD /* RNCombinedChartView.swift */ = {isa = PBXFileReference; fileEncoding = 4; lastKnownFileType = sourcecode.swift; path = RNCombinedChartView.swift; sourceTree = "<group>"; };
		F9090598234879A1008AFDAD /* RNCombinedChartManager.swift */ = {isa = PBXFileReference; fileEncoding = 4; lastKnownFileType = sourcecode.swift; path = RNCombinedChartManager.swift; sourceTree = "<group>"; };
		F9090599234879A1008AFDAD /* RNCombinedChartManagerBridge.m */ = {isa = PBXFileReference; fileEncoding = 4; lastKnownFileType = sourcecode.c.objc; path = RNCombinedChartManagerBridge.m; sourceTree = "<group>"; };
		F909059A234879A1008AFDAD /* CombinedDataExtract.swift */ = {isa = PBXFileReference; fileEncoding = 4; lastKnownFileType = sourcecode.swift; path = CombinedDataExtract.swift; sourceTree = "<group>"; };
		F909059B234879A1008AFDAD /* RNYAxisChartViewBase.swift */ = {isa = PBXFileReference; fileEncoding = 4; lastKnownFileType = sourcecode.swift; path = RNYAxisChartViewBase.swift; sourceTree = "<group>"; };
		F909059C234879A1008AFDAD /* BalloonMarker.swift */ = {isa = PBXFileReference; fileEncoding = 4; lastKnownFileType = sourcecode.swift; path = BalloonMarker.swift; sourceTree = "<group>"; };
		F909059D234879A1008AFDAD /* RNBarLineChartViewBase.swift */ = {isa = PBXFileReference; fileEncoding = 4; lastKnownFileType = sourcecode.swift; path = RNBarLineChartViewBase.swift; sourceTree = "<group>"; };
		F909059F234879A1008AFDAD /* ChartDateFormatter.swift */ = {isa = PBXFileReference; fileEncoding = 4; lastKnownFileType = sourcecode.swift; path = ChartDateFormatter.swift; sourceTree = "<group>"; };
		F90905A0234879A1008AFDAD /* LargeValueFormatter.swift */ = {isa = PBXFileReference; fileEncoding = 4; lastKnownFileType = sourcecode.swift; path = LargeValueFormatter.swift; sourceTree = "<group>"; };
		F90905A2234879A1008AFDAD /* FontUtils.swift */ = {isa = PBXFileReference; fileEncoding = 4; lastKnownFileType = sourcecode.swift; path = FontUtils.swift; sourceTree = "<group>"; };
		F90905A3234879A1008AFDAD /* EntryToDictionaryUtils.swift */ = {isa = PBXFileReference; fileEncoding = 4; lastKnownFileType = sourcecode.swift; path = EntryToDictionaryUtils.swift; sourceTree = "<group>"; };
		F90905A4234879A1008AFDAD /* ChartDataSetConfigUtils.swift */ = {isa = PBXFileReference; fileEncoding = 4; lastKnownFileType = sourcecode.swift; path = ChartDataSetConfigUtils.swift; sourceTree = "<group>"; };
		F90905A5234879A1008AFDAD /* HighlightUtils.swift */ = {isa = PBXFileReference; fileEncoding = 4; lastKnownFileType = sourcecode.swift; path = HighlightUtils.swift; sourceTree = "<group>"; };
		F90905A6234879A1008AFDAD /* BridgeUtils.swift */ = {isa = PBXFileReference; fileEncoding = 4; lastKnownFileType = sourcecode.swift; path = BridgeUtils.swift; sourceTree = "<group>"; };
		F90905A7234879A1008AFDAD /* RNChartManagerBridge.h */ = {isa = PBXFileReference; fileEncoding = 4; lastKnownFileType = sourcecode.c.h; path = RNChartManagerBridge.h; sourceTree = "<group>"; };
		F90905A9234879A1008AFDAD /* RNBubbleChartManager.swift */ = {isa = PBXFileReference; fileEncoding = 4; lastKnownFileType = sourcecode.swift; path = RNBubbleChartManager.swift; sourceTree = "<group>"; };
		F90905AA234879A1008AFDAD /* RNBubbleChartView.swift */ = {isa = PBXFileReference; fileEncoding = 4; lastKnownFileType = sourcecode.swift; path = RNBubbleChartView.swift; sourceTree = "<group>"; };
		F90905AB234879A1008AFDAD /* BubbleDataExtract.swift */ = {isa = PBXFileReference; fileEncoding = 4; lastKnownFileType = sourcecode.swift; path = BubbleDataExtract.swift; sourceTree = "<group>"; };
		F90905AC234879A1008AFDAD /* RNBubbleChartManagerBridge.m */ = {isa = PBXFileReference; fileEncoding = 4; lastKnownFileType = sourcecode.c.objc; path = RNBubbleChartManagerBridge.m; sourceTree = "<group>"; };
		F90905AD234879A1008AFDAD /* CustomChartDateFormatter.swift */ = {isa = PBXFileReference; fileEncoding = 4; lastKnownFileType = sourcecode.swift; path = CustomChartDateFormatter.swift; sourceTree = "<group>"; };
		F90905AE234879A1008AFDAD /* RNBarLineChartBaseManager.swift */ = {isa = PBXFileReference; fileEncoding = 4; lastKnownFileType = sourcecode.swift; path = RNBarLineChartBaseManager.swift; sourceTree = "<group>"; };
		F90905AF234879A1008AFDAD /* RNYAxisChartManagerBridge.h */ = {isa = PBXFileReference; fileEncoding = 4; lastKnownFileType = sourcecode.c.h; path = RNYAxisChartManagerBridge.h; sourceTree = "<group>"; };
		F90905B1234879A1008AFDAD /* RNPieChartView.swift */ = {isa = PBXFileReference; fileEncoding = 4; lastKnownFileType = sourcecode.swift; path = RNPieChartView.swift; sourceTree = "<group>"; };
		F90905B2234879A1008AFDAD /* RNPieChartManagerBridge.m */ = {isa = PBXFileReference; fileEncoding = 4; lastKnownFileType = sourcecode.c.objc; path = RNPieChartManagerBridge.m; sourceTree = "<group>"; };
		F90905B3234879A1008AFDAD /* PieDataExtract.swift */ = {isa = PBXFileReference; fileEncoding = 4; lastKnownFileType = sourcecode.swift; path = PieDataExtract.swift; sourceTree = "<group>"; };
		F90905B4234879A1008AFDAD /* RNPieChartManager.swift */ = {isa = PBXFileReference; fileEncoding = 4; lastKnownFileType = sourcecode.swift; path = RNPieChartManager.swift; sourceTree = "<group>"; };
		F90905B6234879A1008AFDAD /* RNScatterChartManager.swift */ = {isa = PBXFileReference; fileEncoding = 4; lastKnownFileType = sourcecode.swift; path = RNScatterChartManager.swift; sourceTree = "<group>"; };
		F90905B7234879A1008AFDAD /* RNScatterChartView.swift */ = {isa = PBXFileReference; fileEncoding = 4; lastKnownFileType = sourcecode.swift; path = RNScatterChartView.swift; sourceTree = "<group>"; };
		F90905B8234879A1008AFDAD /* RNScatterChartManagerBridge.m */ = {isa = PBXFileReference; fileEncoding = 4; lastKnownFileType = sourcecode.c.objc; path = RNScatterChartManagerBridge.m; sourceTree = "<group>"; };
		F90905B9234879A1008AFDAD /* ScatterDataExtract.swift */ = {isa = PBXFileReference; fileEncoding = 4; lastKnownFileType = sourcecode.swift; path = ScatterDataExtract.swift; sourceTree = "<group>"; };
		F90905BB234879A1008AFDAD /* RNLineChartView.swift */ = {isa = PBXFileReference; fileEncoding = 4; lastKnownFileType = sourcecode.swift; path = RNLineChartView.swift; sourceTree = "<group>"; };
		F90905BC234879A1008AFDAD /* RNLineChartManager.swift */ = {isa = PBXFileReference; fileEncoding = 4; lastKnownFileType = sourcecode.swift; path = RNLineChartManager.swift; sourceTree = "<group>"; };
		F90905BD234879A1008AFDAD /* RNLineChartManagerBridge.m */ = {isa = PBXFileReference; fileEncoding = 4; lastKnownFileType = sourcecode.c.objc; path = RNLineChartManagerBridge.m; sourceTree = "<group>"; };
		F90905BE234879A1008AFDAD /* LineDataExtract.swift */ = {isa = PBXFileReference; fileEncoding = 4; lastKnownFileType = sourcecode.swift; path = LineDataExtract.swift; sourceTree = "<group>"; };
		F90905C0234879A1008AFDAD /* CandleDataExtract.swift */ = {isa = PBXFileReference; fileEncoding = 4; lastKnownFileType = sourcecode.swift; path = CandleDataExtract.swift; sourceTree = "<group>"; };
		F90905C1234879A1008AFDAD /* RNCandleStickChartView.swift */ = {isa = PBXFileReference; fileEncoding = 4; lastKnownFileType = sourcecode.swift; path = RNCandleStickChartView.swift; sourceTree = "<group>"; };
		F90905C2234879A1008AFDAD /* RNCandleStickChartManager.swift */ = {isa = PBXFileReference; fileEncoding = 4; lastKnownFileType = sourcecode.swift; path = RNCandleStickChartManager.swift; sourceTree = "<group>"; };
		F90905C3234879A1008AFDAD /* RNCandleStickChartManagerBridge.m */ = {isa = PBXFileReference; fileEncoding = 4; lastKnownFileType = sourcecode.c.objc; path = RNCandleStickChartManagerBridge.m; sourceTree = "<group>"; };
		F90905C4234879A1008AFDAD /* RNBarLineChartManagerBridge.h */ = {isa = PBXFileReference; fileEncoding = 4; lastKnownFileType = sourcecode.c.h; path = RNBarLineChartManagerBridge.h; sourceTree = "<group>"; };
		F90905C5234879A1008AFDAD /* RNCharts-Bridging-Header.h */ = {isa = PBXFileReference; fileEncoding = 4; lastKnownFileType = sourcecode.c.h; path = "RNCharts-Bridging-Header.h"; sourceTree = "<group>"; };
		F90905C7234879A1008AFDAD /* RNBarChartViewBase.swift */ = {isa = PBXFileReference; fileEncoding = 4; lastKnownFileType = sourcecode.swift; path = RNBarChartViewBase.swift; sourceTree = "<group>"; };
		F90905C8234879A1008AFDAD /* BarDataExtract.swift */ = {isa = PBXFileReference; fileEncoding = 4; lastKnownFileType = sourcecode.swift; path = BarDataExtract.swift; sourceTree = "<group>"; };
		F90905C9234879A1008AFDAD /* RNHorizontalBarChartManager.swift */ = {isa = PBXFileReference; fileEncoding = 4; lastKnownFileType = sourcecode.swift; path = RNHorizontalBarChartManager.swift; sourceTree = "<group>"; };
		F90905CA234879A1008AFDAD /* RNBarChartManager.swift */ = {isa = PBXFileReference; fileEncoding = 4; lastKnownFileType = sourcecode.swift; path = RNBarChartManager.swift; sourceTree = "<group>"; };
		F90905CB234879A1008AFDAD /* RNBarChartManagerBridge.m */ = {isa = PBXFileReference; fileEncoding = 4; lastKnownFileType = sourcecode.c.objc; path = RNBarChartManagerBridge.m; sourceTree = "<group>"; };
		F90905CC234879A1008AFDAD /* RNBarChartView.swift */ = {isa = PBXFileReference; fileEncoding = 4; lastKnownFileType = sourcecode.swift; path = RNBarChartView.swift; sourceTree = "<group>"; };
		F90905CD234879A1008AFDAD /* RNHorizontalBarChartView.swift */ = {isa = PBXFileReference; fileEncoding = 4; lastKnownFileType = sourcecode.swift; path = RNHorizontalBarChartView.swift; sourceTree = "<group>"; };
		F90905CE234879A1008AFDAD /* RNHorizontalBarChartManagerBridge.m */ = {isa = PBXFileReference; fileEncoding = 4; lastKnownFileType = sourcecode.c.objc; path = RNHorizontalBarChartManagerBridge.m; sourceTree = "<group>"; };
		F90905D0234879A1008AFDAD /* RadarDataExtract.swift */ = {isa = PBXFileReference; fileEncoding = 4; lastKnownFileType = sourcecode.swift; path = RadarDataExtract.swift; sourceTree = "<group>"; };
		F90905D1234879A1008AFDAD /* RNRadarChartManagerBridge.m */ = {isa = PBXFileReference; fileEncoding = 4; lastKnownFileType = sourcecode.c.objc; path = RNRadarChartManagerBridge.m; sourceTree = "<group>"; };
		F90905D2234879A1008AFDAD /* RNRadarChartView.swift */ = {isa = PBXFileReference; fileEncoding = 4; lastKnownFileType = sourcecode.swift; path = RNRadarChartView.swift; sourceTree = "<group>"; };
		F90905D3234879A1008AFDAD /* RNRadarChartManager.swift */ = {isa = PBXFileReference; fileEncoding = 4; lastKnownFileType = sourcecode.swift; path = RNRadarChartManager.swift; sourceTree = "<group>"; };
		F90905D4234879A1008AFDAD /* RNChartViewBase.swift */ = {isa = PBXFileReference; fileEncoding = 4; lastKnownFileType = sourcecode.swift; path = RNChartViewBase.swift; sourceTree = "<group>"; };
		F90905D5234879A1008AFDAD /* ChartGroupHolder.swift */ = {isa = PBXFileReference; fileEncoding = 4; lastKnownFileType = sourcecode.swift; path = ChartGroupHolder.swift; sourceTree = "<group>"; };
		F90905D6234879A1008AFDAD /* DataExtract.swift */ = {isa = PBXFileReference; fileEncoding = 4; lastKnownFileType = sourcecode.swift; path = DataExtract.swift; sourceTree = "<group>"; };
		F909060B23487ADE008AFDAD /* StrokeApp-Bridging-Header.h */ = {isa = PBXFileReference; lastKnownFileType = sourcecode.c.h; path = "StrokeApp-Bridging-Header.h"; sourceTree = "<group>"; };
		F9F024482349E34B00E08E18 /* Images.xcassets */ = {isa = PBXFileReference; lastKnownFileType = folder.assetcatalog; path = Images.xcassets; sourceTree = "<group>"; };
		FC3B1EE7EE4CA07F9BF7B199 /* libPods-StrokeApp-tvOS.a */ = {isa = PBXFileReference; explicitFileType = archive.ar; includeInIndex = 0; path = "libPods-StrokeApp-tvOS.a"; sourceTree = BUILT_PRODUCTS_DIR; };
/* End PBXFileReference section */

/* Begin PBXFrameworksBuildPhase section */
		00E356EB1AD99517003FC87E /* Frameworks */ = {
			isa = PBXFrameworksBuildPhase;
			buildActionMask = 2147483647;
			files = (
				E724DB6F85D27FED0DF015B0 /* libPods-StrokeAppTests.a in Frameworks */,
			);
			runOnlyForDeploymentPostprocessing = 0;
		};
		13B07F8C1A680F5B00A75B9A /* Frameworks */ = {
			isa = PBXFrameworksBuildPhase;
			buildActionMask = 2147483647;
			files = (
				6956576FC6D8ACDDA7FC407A /* libPods-StrokeApp.a in Frameworks */,
			);
			runOnlyForDeploymentPostprocessing = 0;
		};
		2D02E4781E0B4A5D006451C7 /* Frameworks */ = {
			isa = PBXFrameworksBuildPhase;
			buildActionMask = 2147483647;
			files = (
				44DA98ED77DC6CE83125768E /* libPods-StrokeApp-tvOS.a in Frameworks */,
			);
			runOnlyForDeploymentPostprocessing = 0;
		};
		2D02E48D1E0B4A5D006451C7 /* Frameworks */ = {
			isa = PBXFrameworksBuildPhase;
			buildActionMask = 2147483647;
			files = (
				6FFA495BF815CB6D4E288166 /* libPods-StrokeApp-tvOSTests.a in Frameworks */,
			);
			runOnlyForDeploymentPostprocessing = 0;
		};
/* End PBXFrameworksBuildPhase section */

/* Begin PBXGroup section */
		00E356EF1AD99517003FC87E /* StrokeAppTests */ = {
			isa = PBXGroup;
			children = (
				00E356F21AD99517003FC87E /* StrokeAppTests.m */,
				00E356F01AD99517003FC87E /* Supporting Files */,
			);
			path = StrokeAppTests;
			sourceTree = "<group>";
		};
		00E356F01AD99517003FC87E /* Supporting Files */ = {
			isa = PBXGroup;
			children = (
				00E356F11AD99517003FC87E /* Info.plist */,
			);
			name = "Supporting Files";
			sourceTree = "<group>";
		};
		13B07FAE1A68108700A75B9A /* StrokeApp */ = {
			isa = PBXGroup;
			children = (
				F9F024482349E34B00E08E18 /* Images.xcassets */,
				008F07F21AC5B25A0029DE68 /* main.jsbundle */,
				13B07FAF1A68108700A75B9A /* AppDelegate.h */,
				13B07FB01A68108700A75B9A /* AppDelegate.m */,
				13B07FB61A68108700A75B9A /* Info.plist */,
				13B07FB11A68108700A75B9A /* LaunchScreen.xib */,
				13B07FB71A68108700A75B9A /* main.m */,
			);
			name = StrokeApp;
			sourceTree = "<group>";
		};
		2D16E6871FA4F8E400B85C8A /* Frameworks */ = {
			isa = PBXGroup;
			children = (
				F9090591234878EE008AFDAD /* DoubleConversion.framework */,
				F909058F234878CA008AFDAD /* cxxreact.framework */,
				ED297162215061F000B7C4FE /* JavaScriptCore.framework */,
				ED2971642150620600B7C4FE /* JavaScriptCore.framework */,
				A20BFF28C0E8C622EF85199F /* libPods-StrokeApp.a */,
				FC3B1EE7EE4CA07F9BF7B199 /* libPods-StrokeApp-tvOS.a */,
				C99AE5672329C6C0017B0721 /* libPods-StrokeApp-tvOSTests.a */,
				2DBB2DE2C984034D04B76C9F /* libPods-StrokeAppTests.a */,
			);
			name = Frameworks;
			sourceTree = "<group>";
		};
		832341AE1AAA6A7D00B99B32 /* Libraries */ = {
			isa = PBXGroup;
			children = (
			);
			name = Libraries;
			sourceTree = "<group>";
		};
		83CBB9F61A601CBA00E9B192 = {
			isa = PBXGroup;
			children = (
				F909060B23487ADE008AFDAD /* StrokeApp-Bridging-Header.h */,
				F9090594234879A1008AFDAD /* ReactNativeCharts */,
				13B07FAE1A68108700A75B9A /* StrokeApp */,
				832341AE1AAA6A7D00B99B32 /* Libraries */,
				00E356EF1AD99517003FC87E /* StrokeAppTests */,
				83CBBA001A601CBA00E9B192 /* Products */,
				2D16E6871FA4F8E400B85C8A /* Frameworks */,
				99D76D55D51E239E8D97CCE5 /* Pods */,
				CB39EE6FF04F4F339740DF9D /* Resources */,
			);
			indentWidth = 2;
			sourceTree = "<group>";
			tabWidth = 2;
			usesTabs = 0;
		};
		83CBBA001A601CBA00E9B192 /* Products */ = {
			isa = PBXGroup;
			children = (
				13B07F961A680F5B00A75B9A /* StrokeApp.app */,
				00E356EE1AD99517003FC87E /* StrokeAppTests.xctest */,
				2D02E47B1E0B4A5D006451C7 /* StrokeApp-tvOS.app */,
				2D02E4901E0B4A5D006451C7 /* StrokeApp-tvOSTests.xctest */,
			);
			name = Products;
			sourceTree = "<group>";
		};
		99D76D55D51E239E8D97CCE5 /* Pods */ = {
			isa = PBXGroup;
			children = (
				DEDD1B62772B5D04235287B4 /* Pods-StrokeApp.debug.xcconfig */,
				B89EED558862434AFAE4D62B /* Pods-StrokeApp.release.xcconfig */,
				485C9ECF19FF175213DE0B2D /* Pods-StrokeApp-tvOS.debug.xcconfig */,
				2060B3F679D09DC2CF09E270 /* Pods-StrokeApp-tvOS.release.xcconfig */,
				C303BB4AE31163D20EF468A2 /* Pods-StrokeApp-tvOSTests.debug.xcconfig */,
				1C998AD46B83161B3F073611 /* Pods-StrokeApp-tvOSTests.release.xcconfig */,
				B508B7127722730D3DD11019 /* Pods-StrokeAppTests.debug.xcconfig */,
				1C2E2DD65A22194E3B71D4E2 /* Pods-StrokeAppTests.release.xcconfig */,
			);
			path = Pods;
			sourceTree = "<group>";
		};
		CB39EE6FF04F4F339740DF9D /* Resources */ = {
			isa = PBXGroup;
			children = (
				9AF9443D02724E6986AB9A97 /* AntDesign.ttf */,
				CC3C355197E7405191574E67 /* Entypo.ttf */,
				51ACE39F460547248B978DF4 /* EvilIcons.ttf */,
				ABCE4D1C5FCF4D9DB15F9332 /* Feather.ttf */,
				A34922B00E5047229E4D7A61 /* FontAwesome.ttf */,
				A9CB30AB18D54C259B392600 /* FontAwesome5_Brands.ttf */,
				9A4E73FEC5704671AE74D329 /* FontAwesome5_Regular.ttf */,
				400C0C7C3C0646DFBCF21490 /* FontAwesome5_Solid.ttf */,
				E7A58585C30F48AFBAF8BF2E /* Fontisto.ttf */,
				86231BDCC82148918AAFFC19 /* Foundation.ttf */,
				B0017964B1FF4D368F141BD8 /* Ionicons.ttf */,
				F598465FF0B4450C9F06B9CE /* MaterialCommunityIcons.ttf */,
				2DE7A84C8BF347548022B8A1 /* MaterialIcons.ttf */,
				BAB04234DDC0434E999BE4BD /* Octicons.ttf */,
				57645F468D1B493FB36AC633 /* Roboto_medium.ttf */,
				81F6EFD0962E4E8F9A4C6482 /* Roboto.ttf */,
				312B5E47E638492381CD21FA /* rubicon-icon-font.ttf */,
				448405F0A0554F79B0AFDACC /* SimpleLineIcons.ttf */,
				E21AFAA332AC42E1A3927E00 /* Zocial.ttf */,
			);
			name = Resources;
			sourceTree = "<group>";
		};
		F9090594234879A1008AFDAD /* ReactNativeCharts */ = {
			isa = PBXGroup;
			children = (
				F9090595234879A1008AFDAD /* IndexValueFormatter.swift */,
				F9090596234879A1008AFDAD /* combine */,
				F909059B234879A1008AFDAD /* RNYAxisChartViewBase.swift */,
				F909059C234879A1008AFDAD /* BalloonMarker.swift */,
				F909059D234879A1008AFDAD /* RNBarLineChartViewBase.swift */,
				F909059E234879A1008AFDAD /* formatters */,
				F90905A1234879A1008AFDAD /* utils */,
				F90905A7234879A1008AFDAD /* RNChartManagerBridge.h */,
				F90905A8234879A1008AFDAD /* bubble */,
				F90905AD234879A1008AFDAD /* CustomChartDateFormatter.swift */,
				F90905AE234879A1008AFDAD /* RNBarLineChartBaseManager.swift */,
				F90905AF234879A1008AFDAD /* RNYAxisChartManagerBridge.h */,
				F90905B0234879A1008AFDAD /* pie */,
				F90905B5234879A1008AFDAD /* scatter */,
				F90905BA234879A1008AFDAD /* line */,
				F90905BF234879A1008AFDAD /* candlestick */,
				F90905C4234879A1008AFDAD /* RNBarLineChartManagerBridge.h */,
				F90905C5234879A1008AFDAD /* RNCharts-Bridging-Header.h */,
				F90905C6234879A1008AFDAD /* bar */,
				F90905CF234879A1008AFDAD /* radar */,
				F90905D4234879A1008AFDAD /* RNChartViewBase.swift */,
				F90905D5234879A1008AFDAD /* ChartGroupHolder.swift */,
				F90905D6234879A1008AFDAD /* DataExtract.swift */,
			);
			path = ReactNativeCharts;
			sourceTree = "<group>";
		};
		F9090596234879A1008AFDAD /* combine */ = {
			isa = PBXGroup;
			children = (
				F9090597234879A1008AFDAD /* RNCombinedChartView.swift */,
				F9090598234879A1008AFDAD /* RNCombinedChartManager.swift */,
				F9090599234879A1008AFDAD /* RNCombinedChartManagerBridge.m */,
				F909059A234879A1008AFDAD /* CombinedDataExtract.swift */,
			);
			path = combine;
			sourceTree = "<group>";
		};
		F909059E234879A1008AFDAD /* formatters */ = {
			isa = PBXGroup;
			children = (
				F909059F234879A1008AFDAD /* ChartDateFormatter.swift */,
				F90905A0234879A1008AFDAD /* LargeValueFormatter.swift */,
			);
			path = formatters;
			sourceTree = "<group>";
		};
		F90905A1234879A1008AFDAD /* utils */ = {
			isa = PBXGroup;
			children = (
				F90905A2234879A1008AFDAD /* FontUtils.swift */,
				F90905A3234879A1008AFDAD /* EntryToDictionaryUtils.swift */,
				F90905A4234879A1008AFDAD /* ChartDataSetConfigUtils.swift */,
				F90905A5234879A1008AFDAD /* HighlightUtils.swift */,
				F90905A6234879A1008AFDAD /* BridgeUtils.swift */,
			);
			path = utils;
			sourceTree = "<group>";
		};
		F90905A8234879A1008AFDAD /* bubble */ = {
			isa = PBXGroup;
			children = (
				F90905A9234879A1008AFDAD /* RNBubbleChartManager.swift */,
				F90905AA234879A1008AFDAD /* RNBubbleChartView.swift */,
				F90905AB234879A1008AFDAD /* BubbleDataExtract.swift */,
				F90905AC234879A1008AFDAD /* RNBubbleChartManagerBridge.m */,
			);
			path = bubble;
			sourceTree = "<group>";
		};
		F90905B0234879A1008AFDAD /* pie */ = {
			isa = PBXGroup;
			children = (
				F90905B1234879A1008AFDAD /* RNPieChartView.swift */,
				F90905B2234879A1008AFDAD /* RNPieChartManagerBridge.m */,
				F90905B3234879A1008AFDAD /* PieDataExtract.swift */,
				F90905B4234879A1008AFDAD /* RNPieChartManager.swift */,
			);
			path = pie;
			sourceTree = "<group>";
		};
		F90905B5234879A1008AFDAD /* scatter */ = {
			isa = PBXGroup;
			children = (
				F90905B6234879A1008AFDAD /* RNScatterChartManager.swift */,
				F90905B7234879A1008AFDAD /* RNScatterChartView.swift */,
				F90905B8234879A1008AFDAD /* RNScatterChartManagerBridge.m */,
				F90905B9234879A1008AFDAD /* ScatterDataExtract.swift */,
			);
			path = scatter;
			sourceTree = "<group>";
		};
		F90905BA234879A1008AFDAD /* line */ = {
			isa = PBXGroup;
			children = (
				F90905BB234879A1008AFDAD /* RNLineChartView.swift */,
				F90905BC234879A1008AFDAD /* RNLineChartManager.swift */,
				F90905BD234879A1008AFDAD /* RNLineChartManagerBridge.m */,
				F90905BE234879A1008AFDAD /* LineDataExtract.swift */,
			);
			path = line;
			sourceTree = "<group>";
		};
		F90905BF234879A1008AFDAD /* candlestick */ = {
			isa = PBXGroup;
			children = (
				F90905C0234879A1008AFDAD /* CandleDataExtract.swift */,
				F90905C1234879A1008AFDAD /* RNCandleStickChartView.swift */,
				F90905C2234879A1008AFDAD /* RNCandleStickChartManager.swift */,
				F90905C3234879A1008AFDAD /* RNCandleStickChartManagerBridge.m */,
			);
			path = candlestick;
			sourceTree = "<group>";
		};
		F90905C6234879A1008AFDAD /* bar */ = {
			isa = PBXGroup;
			children = (
				F90905C7234879A1008AFDAD /* RNBarChartViewBase.swift */,
				F90905C8234879A1008AFDAD /* BarDataExtract.swift */,
				F90905C9234879A1008AFDAD /* RNHorizontalBarChartManager.swift */,
				F90905CA234879A1008AFDAD /* RNBarChartManager.swift */,
				F90905CB234879A1008AFDAD /* RNBarChartManagerBridge.m */,
				F90905CC234879A1008AFDAD /* RNBarChartView.swift */,
				F90905CD234879A1008AFDAD /* RNHorizontalBarChartView.swift */,
				F90905CE234879A1008AFDAD /* RNHorizontalBarChartManagerBridge.m */,
			);
			path = bar;
			sourceTree = "<group>";
		};
		F90905CF234879A1008AFDAD /* radar */ = {
			isa = PBXGroup;
			children = (
				F90905D0234879A1008AFDAD /* RadarDataExtract.swift */,
				F90905D1234879A1008AFDAD /* RNRadarChartManagerBridge.m */,
				F90905D2234879A1008AFDAD /* RNRadarChartView.swift */,
				F90905D3234879A1008AFDAD /* RNRadarChartManager.swift */,
			);
			path = radar;
			sourceTree = "<group>";
		};
/* End PBXGroup section */

/* Begin PBXNativeTarget section */
		00E356ED1AD99517003FC87E /* StrokeAppTests */ = {
			isa = PBXNativeTarget;
			buildConfigurationList = 00E357021AD99517003FC87E /* Build configuration list for PBXNativeTarget "StrokeAppTests" */;
			buildPhases = (
				D637E463CDAB933683833DA9 /* [CP] Check Pods Manifest.lock */,
				00E356EA1AD99517003FC87E /* Sources */,
				00E356EB1AD99517003FC87E /* Frameworks */,
				00E356EC1AD99517003FC87E /* Resources */,
			);
			buildRules = (
			);
			dependencies = (
				00E356F51AD99517003FC87E /* PBXTargetDependency */,
			);
			name = StrokeAppTests;
			productName = StrokeAppTests;
			productReference = 00E356EE1AD99517003FC87E /* StrokeAppTests.xctest */;
			productType = "com.apple.product-type.bundle.unit-test";
		};
		13B07F861A680F5B00A75B9A /* StrokeApp */ = {
			isa = PBXNativeTarget;
			buildConfigurationList = 13B07F931A680F5B00A75B9A /* Build configuration list for PBXNativeTarget "StrokeApp" */;
			buildPhases = (
				73883D75C874E01343C86E5E /* [CP] Check Pods Manifest.lock */,
				FD10A7F022414F080027D42C /* Start Packager */,
				13B07F871A680F5B00A75B9A /* Sources */,
				13B07F8C1A680F5B00A75B9A /* Frameworks */,
				13B07F8E1A680F5B00A75B9A /* Resources */,
				00DD1BFF1BD5951E006B06BC /* Bundle React Native code and images */,
			);
			buildRules = (
			);
			dependencies = (
			);
			name = StrokeApp;
			productName = StrokeApp;
			productReference = 13B07F961A680F5B00A75B9A /* StrokeApp.app */;
			productType = "com.apple.product-type.application";
		};
		2D02E47A1E0B4A5D006451C7 /* StrokeApp-tvOS */ = {
			isa = PBXNativeTarget;
			buildConfigurationList = 2D02E4BA1E0B4A5E006451C7 /* Build configuration list for PBXNativeTarget "StrokeApp-tvOS" */;
			buildPhases = (
				9D20472F71BEC6E52E942D17 /* [CP] Check Pods Manifest.lock */,
				FD10A7F122414F3F0027D42C /* Start Packager */,
				2D02E4771E0B4A5D006451C7 /* Sources */,
				2D02E4781E0B4A5D006451C7 /* Frameworks */,
				2D02E4791E0B4A5D006451C7 /* Resources */,
				2D02E4CB1E0B4B27006451C7 /* Bundle React Native Code And Images */,
			);
			buildRules = (
			);
			dependencies = (
			);
			name = "StrokeApp-tvOS";
			productName = "StrokeApp-tvOS";
			productReference = 2D02E47B1E0B4A5D006451C7 /* StrokeApp-tvOS.app */;
			productType = "com.apple.product-type.application";
		};
		2D02E48F1E0B4A5D006451C7 /* StrokeApp-tvOSTests */ = {
			isa = PBXNativeTarget;
			buildConfigurationList = 2D02E4BB1E0B4A5E006451C7 /* Build configuration list for PBXNativeTarget "StrokeApp-tvOSTests" */;
			buildPhases = (
				30B4CF69AF7AD78FD0694B24 /* [CP] Check Pods Manifest.lock */,
				2D02E48C1E0B4A5D006451C7 /* Sources */,
				2D02E48D1E0B4A5D006451C7 /* Frameworks */,
				2D02E48E1E0B4A5D006451C7 /* Resources */,
			);
			buildRules = (
			);
			dependencies = (
				2D02E4921E0B4A5D006451C7 /* PBXTargetDependency */,
			);
			name = "StrokeApp-tvOSTests";
			productName = "StrokeApp-tvOSTests";
			productReference = 2D02E4901E0B4A5D006451C7 /* StrokeApp-tvOSTests.xctest */;
			productType = "com.apple.product-type.bundle.unit-test";
		};
/* End PBXNativeTarget section */

/* Begin PBXProject section */
		83CBB9F71A601CBA00E9B192 /* Project object */ = {
			isa = PBXProject;
			attributes = {
				LastUpgradeCheck = 940;
				ORGANIZATIONNAME = Facebook;
				TargetAttributes = {
					00E356ED1AD99517003FC87E = {
						CreatedOnToolsVersion = 6.2;
						DevelopmentTeam = 94N6P42P52;
						TestTargetID = 13B07F861A680F5B00A75B9A;
					};
					13B07F861A680F5B00A75B9A = {
						DevelopmentTeam = 94N6P42P52;
						LastSwiftMigration = 1100;
					};
					2D02E47A1E0B4A5D006451C7 = {
						CreatedOnToolsVersion = 8.2.1;
						DevelopmentTeam = 94N6P42P52;
						ProvisioningStyle = Automatic;
					};
					2D02E48F1E0B4A5D006451C7 = {
						CreatedOnToolsVersion = 8.2.1;
						DevelopmentTeam = 94N6P42P52;
						ProvisioningStyle = Automatic;
						TestTargetID = 2D02E47A1E0B4A5D006451C7;
					};
				};
			};
			buildConfigurationList = 83CBB9FA1A601CBA00E9B192 /* Build configuration list for PBXProject "StrokeApp" */;
			compatibilityVersion = "Xcode 3.2";
			developmentRegion = English;
			hasScannedForEncodings = 0;
			knownRegions = (
				English,
				en,
				Base,
			);
			mainGroup = 83CBB9F61A601CBA00E9B192;
			productRefGroup = 83CBBA001A601CBA00E9B192 /* Products */;
			projectDirPath = "";
			projectRoot = "";
			targets = (
				13B07F861A680F5B00A75B9A /* StrokeApp */,
				00E356ED1AD99517003FC87E /* StrokeAppTests */,
				2D02E47A1E0B4A5D006451C7 /* StrokeApp-tvOS */,
				2D02E48F1E0B4A5D006451C7 /* StrokeApp-tvOSTests */,
			);
		};
/* End PBXProject section */

/* Begin PBXResourcesBuildPhase section */
		00E356EC1AD99517003FC87E /* Resources */ = {
			isa = PBXResourcesBuildPhase;
			buildActionMask = 2147483647;
			files = (
			);
			runOnlyForDeploymentPostprocessing = 0;
		};
		13B07F8E1A680F5B00A75B9A /* Resources */ = {
			isa = PBXResourcesBuildPhase;
			buildActionMask = 2147483647;
			files = (
				F9F0244A2349E3B300E08E18 /* LaunchScreen.xib in Resources */,
				ECA87D2C728F49C197C365BD /* AntDesign.ttf in Resources */,
				524469369D4D462B844F1B45 /* Entypo.ttf in Resources */,
				44B1DBF3DE884596968200E0 /* EvilIcons.ttf in Resources */,
				5D7B670731DF46C086930E23 /* Feather.ttf in Resources */,
				F0ADE435011E434A9A4C233D /* FontAwesome.ttf in Resources */,
				0962063DCACE4B0AAC6EDBD0 /* FontAwesome5_Brands.ttf in Resources */,
				EB4D1DB323DE458EB91A645A /* FontAwesome5_Regular.ttf in Resources */,
				E85AAF892E9848529B54275F /* FontAwesome5_Solid.ttf in Resources */,
				855872A9019F4E0CB49B496D /* Fontisto.ttf in Resources */,
				154F60C5985D4DC8BA15A7D3 /* Foundation.ttf in Resources */,
				0284A94B3F4F4E5494A88EAF /* Ionicons.ttf in Resources */,
				C3E553EF342042868F632608 /* MaterialCommunityIcons.ttf in Resources */,
				001762E9814D483C9B774CD8 /* MaterialIcons.ttf in Resources */,
				F9F024492349E34B00E08E18 /* Images.xcassets in Resources */,
				1AA3F3F9BDE44610807685B7 /* Octicons.ttf in Resources */,
				9D98D9AC3B2B4C08ACC754EB /* Roboto_medium.ttf in Resources */,
				4737FD3670E14B58B6896340 /* Roboto.ttf in Resources */,
				BCAB2678D5FC4814B3682955 /* rubicon-icon-font.ttf in Resources */,
				17E8537E27D9433FA74E75E0 /* SimpleLineIcons.ttf in Resources */,
				E3736211D71E4F49A5CD8CAC /* Zocial.ttf in Resources */,
			);
			runOnlyForDeploymentPostprocessing = 0;
		};
		2D02E4791E0B4A5D006451C7 /* Resources */ = {
			isa = PBXResourcesBuildPhase;
			buildActionMask = 2147483647;
			files = (
			);
			runOnlyForDeploymentPostprocessing = 0;
		};
		2D02E48E1E0B4A5D006451C7 /* Resources */ = {
			isa = PBXResourcesBuildPhase;
			buildActionMask = 2147483647;
			files = (
			);
			runOnlyForDeploymentPostprocessing = 0;
		};
/* End PBXResourcesBuildPhase section */

/* Begin PBXShellScriptBuildPhase section */
		00DD1BFF1BD5951E006B06BC /* Bundle React Native code and images */ = {
			isa = PBXShellScriptBuildPhase;
			buildActionMask = 2147483647;
			files = (
			);
			inputPaths = (
			);
			name = "Bundle React Native code and images";
			outputPaths = (
			);
			runOnlyForDeploymentPostprocessing = 0;
			shellPath = /bin/sh;
			shellScript = "export NODE_BINARY=node\n../node_modules/react-native/scripts/react-native-xcode.sh";
		};
		2D02E4CB1E0B4B27006451C7 /* Bundle React Native Code And Images */ = {
			isa = PBXShellScriptBuildPhase;
			buildActionMask = 2147483647;
			files = (
			);
			inputPaths = (
			);
			name = "Bundle React Native Code And Images";
			outputPaths = (
			);
			runOnlyForDeploymentPostprocessing = 0;
			shellPath = /bin/sh;
			shellScript = "export NODE_BINARY=node\n../node_modules/react-native/scripts/react-native-xcode.sh";
		};
		30B4CF69AF7AD78FD0694B24 /* [CP] Check Pods Manifest.lock */ = {
			isa = PBXShellScriptBuildPhase;
			buildActionMask = 2147483647;
			files = (
			);
			inputFileListPaths = (
			);
			inputPaths = (
				"${PODS_PODFILE_DIR_PATH}/Podfile.lock",
				"${PODS_ROOT}/Manifest.lock",
			);
			name = "[CP] Check Pods Manifest.lock";
			outputFileListPaths = (
			);
			outputPaths = (
				"$(DERIVED_FILE_DIR)/Pods-StrokeApp-tvOSTests-checkManifestLockResult.txt",
			);
			runOnlyForDeploymentPostprocessing = 0;
			shellPath = /bin/sh;
			shellScript = "diff \"${PODS_PODFILE_DIR_PATH}/Podfile.lock\" \"${PODS_ROOT}/Manifest.lock\" > /dev/null\nif [ $? != 0 ] ; then\n    # print error to STDERR\n    echo \"error: The sandbox is not in sync with the Podfile.lock. Run 'pod install' or update your CocoaPods installation.\" >&2\n    exit 1\nfi\n# This output is used by Xcode 'outputs' to avoid re-running this script phase.\necho \"SUCCESS\" > \"${SCRIPT_OUTPUT_FILE_0}\"\n";
			showEnvVarsInLog = 0;
		};
		73883D75C874E01343C86E5E /* [CP] Check Pods Manifest.lock */ = {
			isa = PBXShellScriptBuildPhase;
			buildActionMask = 2147483647;
			files = (
			);
			inputFileListPaths = (
			);
			inputPaths = (
				"${PODS_PODFILE_DIR_PATH}/Podfile.lock",
				"${PODS_ROOT}/Manifest.lock",
			);
			name = "[CP] Check Pods Manifest.lock";
			outputFileListPaths = (
			);
			outputPaths = (
				"$(DERIVED_FILE_DIR)/Pods-StrokeApp-checkManifestLockResult.txt",
			);
			runOnlyForDeploymentPostprocessing = 0;
			shellPath = /bin/sh;
			shellScript = "diff \"${PODS_PODFILE_DIR_PATH}/Podfile.lock\" \"${PODS_ROOT}/Manifest.lock\" > /dev/null\nif [ $? != 0 ] ; then\n    # print error to STDERR\n    echo \"error: The sandbox is not in sync with the Podfile.lock. Run 'pod install' or update your CocoaPods installation.\" >&2\n    exit 1\nfi\n# This output is used by Xcode 'outputs' to avoid re-running this script phase.\necho \"SUCCESS\" > \"${SCRIPT_OUTPUT_FILE_0}\"\n";
			showEnvVarsInLog = 0;
		};
		9D20472F71BEC6E52E942D17 /* [CP] Check Pods Manifest.lock */ = {
			isa = PBXShellScriptBuildPhase;
			buildActionMask = 2147483647;
			files = (
			);
			inputFileListPaths = (
			);
			inputPaths = (
				"${PODS_PODFILE_DIR_PATH}/Podfile.lock",
				"${PODS_ROOT}/Manifest.lock",
			);
			name = "[CP] Check Pods Manifest.lock";
			outputFileListPaths = (
			);
			outputPaths = (
				"$(DERIVED_FILE_DIR)/Pods-StrokeApp-tvOS-checkManifestLockResult.txt",
			);
			runOnlyForDeploymentPostprocessing = 0;
			shellPath = /bin/sh;
			shellScript = "diff \"${PODS_PODFILE_DIR_PATH}/Podfile.lock\" \"${PODS_ROOT}/Manifest.lock\" > /dev/null\nif [ $? != 0 ] ; then\n    # print error to STDERR\n    echo \"error: The sandbox is not in sync with the Podfile.lock. Run 'pod install' or update your CocoaPods installation.\" >&2\n    exit 1\nfi\n# This output is used by Xcode 'outputs' to avoid re-running this script phase.\necho \"SUCCESS\" > \"${SCRIPT_OUTPUT_FILE_0}\"\n";
			showEnvVarsInLog = 0;
		};
		D637E463CDAB933683833DA9 /* [CP] Check Pods Manifest.lock */ = {
			isa = PBXShellScriptBuildPhase;
			buildActionMask = 2147483647;
			files = (
			);
			inputFileListPaths = (
			);
			inputPaths = (
				"${PODS_PODFILE_DIR_PATH}/Podfile.lock",
				"${PODS_ROOT}/Manifest.lock",
			);
			name = "[CP] Check Pods Manifest.lock";
			outputFileListPaths = (
			);
			outputPaths = (
				"$(DERIVED_FILE_DIR)/Pods-StrokeAppTests-checkManifestLockResult.txt",
			);
			runOnlyForDeploymentPostprocessing = 0;
			shellPath = /bin/sh;
			shellScript = "diff \"${PODS_PODFILE_DIR_PATH}/Podfile.lock\" \"${PODS_ROOT}/Manifest.lock\" > /dev/null\nif [ $? != 0 ] ; then\n    # print error to STDERR\n    echo \"error: The sandbox is not in sync with the Podfile.lock. Run 'pod install' or update your CocoaPods installation.\" >&2\n    exit 1\nfi\n# This output is used by Xcode 'outputs' to avoid re-running this script phase.\necho \"SUCCESS\" > \"${SCRIPT_OUTPUT_FILE_0}\"\n";
			showEnvVarsInLog = 0;
		};
		FD10A7F022414F080027D42C /* Start Packager */ = {
			isa = PBXShellScriptBuildPhase;
			buildActionMask = 2147483647;
			files = (
			);
			inputFileListPaths = (
			);
			inputPaths = (
			);
			name = "Start Packager";
			outputFileListPaths = (
			);
			outputPaths = (
			);
			runOnlyForDeploymentPostprocessing = 0;
			shellPath = /bin/sh;
			shellScript = "export RCT_METRO_PORT=\"${RCT_METRO_PORT:=8081}\"\necho \"export RCT_METRO_PORT=${RCT_METRO_PORT}\" > \"${SRCROOT}/../node_modules/react-native/scripts/.packager.env\"\nif [ -z \"${RCT_NO_LAUNCH_PACKAGER+xxx}\" ] ; then\n  if nc -w 5 -z localhost ${RCT_METRO_PORT} ; then\n    if ! curl -s \"http://localhost:${RCT_METRO_PORT}/status\" | grep -q \"packager-status:running\" ; then\n      echo \"Port ${RCT_METRO_PORT} already in use, packager is either not running or not running correctly\"\n      exit 2\n    fi\n  else\n    open \"$SRCROOT/../node_modules/react-native/scripts/launchPackager.command\" || echo \"Can't start packager automatically\"\n  fi\nfi\n";
			showEnvVarsInLog = 0;
		};
		FD10A7F122414F3F0027D42C /* Start Packager */ = {
			isa = PBXShellScriptBuildPhase;
			buildActionMask = 2147483647;
			files = (
			);
			inputFileListPaths = (
			);
			inputPaths = (
			);
			name = "Start Packager";
			outputFileListPaths = (
			);
			outputPaths = (
			);
			runOnlyForDeploymentPostprocessing = 0;
			shellPath = /bin/sh;
			shellScript = "export RCT_METRO_PORT=\"${RCT_METRO_PORT:=8081}\"\necho \"export RCT_METRO_PORT=${RCT_METRO_PORT}\" > \"${SRCROOT}/../node_modules/react-native/scripts/.packager.env\"\nif [ -z \"${RCT_NO_LAUNCH_PACKAGER+xxx}\" ] ; then\n  if nc -w 5 -z localhost ${RCT_METRO_PORT} ; then\n    if ! curl -s \"http://localhost:${RCT_METRO_PORT}/status\" | grep -q \"packager-status:running\" ; then\n      echo \"Port ${RCT_METRO_PORT} already in use, packager is either not running or not running correctly\"\n      exit 2\n    fi\n  else\n    open \"$SRCROOT/../node_modules/react-native/scripts/launchPackager.command\" || echo \"Can't start packager automatically\"\n  fi\nfi\n";
			showEnvVarsInLog = 0;
		};
/* End PBXShellScriptBuildPhase section */

/* Begin PBXSourcesBuildPhase section */
		00E356EA1AD99517003FC87E /* Sources */ = {
			isa = PBXSourcesBuildPhase;
			buildActionMask = 2147483647;
			files = (
				00E356F31AD99517003FC87E /* StrokeAppTests.m in Sources */,
			);
			runOnlyForDeploymentPostprocessing = 0;
		};
		13B07F871A680F5B00A75B9A /* Sources */ = {
			isa = PBXSourcesBuildPhase;
			buildActionMask = 2147483647;
			files = (
				F9090609234879A1008AFDAD /* ChartGroupHolder.swift in Sources */,
				F9090604234879A1008AFDAD /* RadarDataExtract.swift in Sources */,
				F90905EA234879A1008AFDAD /* CustomChartDateFormatter.swift in Sources */,
				F90905DF234879A1008AFDAD /* ChartDateFormatter.swift in Sources */,
				13B07FBC1A68108700A75B9A /* AppDelegate.m in Sources */,
				F90905E1234879A1008AFDAD /* FontUtils.swift in Sources */,
				F9090601234879A1008AFDAD /* RNBarChartView.swift in Sources */,
				F90905E7234879A1008AFDAD /* RNBubbleChartView.swift in Sources */,
				F90905F4234879A1008AFDAD /* RNLineChartView.swift in Sources */,
				F90905F3234879A1008AFDAD /* ScatterDataExtract.swift in Sources */,
				F9090600234879A1008AFDAD /* RNBarChartManagerBridge.m in Sources */,
				F90905FF234879A1008AFDAD /* RNBarChartManager.swift in Sources */,
				F90905E9234879A1008AFDAD /* RNBubbleChartManagerBridge.m in Sources */,
				F90905EE234879A1008AFDAD /* PieDataExtract.swift in Sources */,
				F90905EB234879A1008AFDAD /* RNBarLineChartBaseManager.swift in Sources */,
				13B07FC11A68108700A75B9A /* main.m in Sources */,
				F90905F6234879A1008AFDAD /* RNLineChartManagerBridge.m in Sources */,
				F90905D8234879A1008AFDAD /* RNCombinedChartView.swift in Sources */,
				F9090607234879A1008AFDAD /* RNRadarChartManager.swift in Sources */,
				F9090603234879A1008AFDAD /* RNHorizontalBarChartManagerBridge.m in Sources */,
				F90905F5234879A1008AFDAD /* RNLineChartManager.swift in Sources */,
				F90905E0234879A1008AFDAD /* LargeValueFormatter.swift in Sources */,
				F90905EC234879A1008AFDAD /* RNPieChartView.swift in Sources */,
				F9090602234879A1008AFDAD /* RNHorizontalBarChartView.swift in Sources */,
				F9090606234879A1008AFDAD /* RNRadarChartView.swift in Sources */,
				F90905E8234879A1008AFDAD /* BubbleDataExtract.swift in Sources */,
				F90905DD234879A1008AFDAD /* BalloonMarker.swift in Sources */,
				F90905F8234879A1008AFDAD /* CandleDataExtract.swift in Sources */,
				F90905F1234879A1008AFDAD /* RNScatterChartView.swift in Sources */,
				F90905F9234879A1008AFDAD /* RNCandleStickChartView.swift in Sources */,
				F90905ED234879A1008AFDAD /* RNPieChartManagerBridge.m in Sources */,
				F90905DC234879A1008AFDAD /* RNYAxisChartViewBase.swift in Sources */,
				F90905E4234879A1008AFDAD /* HighlightUtils.swift in Sources */,
				F9090608234879A1008AFDAD /* RNChartViewBase.swift in Sources */,
				F90905FD234879A1008AFDAD /* BarDataExtract.swift in Sources */,
				F90905D9234879A1008AFDAD /* RNCombinedChartManager.swift in Sources */,
				F90905E5234879A1008AFDAD /* BridgeUtils.swift in Sources */,
				F90905E2234879A1008AFDAD /* EntryToDictionaryUtils.swift in Sources */,
				F90905FE234879A1008AFDAD /* RNHorizontalBarChartManager.swift in Sources */,
				F90905EF234879A1008AFDAD /* RNPieChartManager.swift in Sources */,
				F90905F2234879A1008AFDAD /* RNScatterChartManagerBridge.m in Sources */,
				F90905FB234879A1008AFDAD /* RNCandleStickChartManagerBridge.m in Sources */,
				F90905F7234879A1008AFDAD /* LineDataExtract.swift in Sources */,
				F90905F0234879A1008AFDAD /* RNScatterChartManager.swift in Sources */,
				F90905FC234879A1008AFDAD /* RNBarChartViewBase.swift in Sources */,
				F90905DB234879A1008AFDAD /* CombinedDataExtract.swift in Sources */,
				F90905FA234879A1008AFDAD /* RNCandleStickChartManager.swift in Sources */,
				F909060A234879A1008AFDAD /* DataExtract.swift in Sources */,
				F90905DA234879A1008AFDAD /* RNCombinedChartManagerBridge.m in Sources */,
				F90905DE234879A1008AFDAD /* RNBarLineChartViewBase.swift in Sources */,
				F90905E3234879A1008AFDAD /* ChartDataSetConfigUtils.swift in Sources */,
				F90905E6234879A1008AFDAD /* RNBubbleChartManager.swift in Sources */,
				F90905D7234879A1008AFDAD /* IndexValueFormatter.swift in Sources */,
				F9090605234879A1008AFDAD /* RNRadarChartManagerBridge.m in Sources */,
			);
			runOnlyForDeploymentPostprocessing = 0;
		};
		2D02E4771E0B4A5D006451C7 /* Sources */ = {
			isa = PBXSourcesBuildPhase;
			buildActionMask = 2147483647;
			files = (
				2D02E4BF1E0B4AB3006451C7 /* main.m in Sources */,
				2D02E4BC1E0B4A80006451C7 /* AppDelegate.m in Sources */,
			);
			runOnlyForDeploymentPostprocessing = 0;
		};
		2D02E48C1E0B4A5D006451C7 /* Sources */ = {
			isa = PBXSourcesBuildPhase;
			buildActionMask = 2147483647;
			files = (
				2DCD954D1E0B4F2C00145EB5 /* StrokeAppTests.m in Sources */,
			);
			runOnlyForDeploymentPostprocessing = 0;
		};
/* End PBXSourcesBuildPhase section */

/* Begin PBXTargetDependency section */
		00E356F51AD99517003FC87E /* PBXTargetDependency */ = {
			isa = PBXTargetDependency;
			target = 13B07F861A680F5B00A75B9A /* StrokeApp */;
			targetProxy = 00E356F41AD99517003FC87E /* PBXContainerItemProxy */;
		};
		2D02E4921E0B4A5D006451C7 /* PBXTargetDependency */ = {
			isa = PBXTargetDependency;
			target = 2D02E47A1E0B4A5D006451C7 /* StrokeApp-tvOS */;
			targetProxy = 2D02E4911E0B4A5D006451C7 /* PBXContainerItemProxy */;
		};
/* End PBXTargetDependency section */

/* Begin PBXVariantGroup section */
		13B07FB11A68108700A75B9A /* LaunchScreen.xib */ = {
			isa = PBXVariantGroup;
			children = (
				13B07FB21A68108700A75B9A /* Base */,
			);
			name = LaunchScreen.xib;
			path = StrokeApp;
			sourceTree = "<group>";
		};
/* End PBXVariantGroup section */

/* Begin XCBuildConfiguration section */
		00E356F61AD99517003FC87E /* Debug */ = {
			isa = XCBuildConfiguration;
			baseConfigurationReference = B508B7127722730D3DD11019 /* Pods-StrokeAppTests.debug.xcconfig */;
			buildSettings = {
				ALWAYS_EMBED_SWIFT_STANDARD_LIBRARIES = YES;
				BUNDLE_LOADER = "$(TEST_HOST)";
				DEVELOPMENT_TEAM = 94N6P42P52;
				GCC_PREPROCESSOR_DEFINITIONS = (
					"DEBUG=1",
					"$(inherited)",
				);
				HEADER_SEARCH_PATHS = "$(inherited)";
				INFOPLIST_FILE = StrokeAppTests/Info.plist;
				IPHONEOS_DEPLOYMENT_TARGET = 9.0;
				LD_RUNPATH_SEARCH_PATHS = "$(inherited) @executable_path/Frameworks @loader_path/Frameworks";
				OTHER_LDFLAGS = (
					"-ObjC",
					"-lc++",
					"$(inherited)",
				);
				PRODUCT_BUNDLE_IDENTIFIER = "org.reactjs.native.example.$(PRODUCT_NAME:rfc1034identifier)";
				PRODUCT_NAME = "$(TARGET_NAME)";
				TEST_HOST = "$(BUILT_PRODUCTS_DIR)/StrokeApp.app/StrokeApp";
			};
			name = Debug;
		};
		00E356F71AD99517003FC87E /* Release */ = {
			isa = XCBuildConfiguration;
			baseConfigurationReference = 1C2E2DD65A22194E3B71D4E2 /* Pods-StrokeAppTests.release.xcconfig */;
			buildSettings = {
				ALWAYS_EMBED_SWIFT_STANDARD_LIBRARIES = YES;
				BUNDLE_LOADER = "$(TEST_HOST)";
				COPY_PHASE_STRIP = NO;
				DEVELOPMENT_TEAM = 94N6P42P52;
				HEADER_SEARCH_PATHS = "$(inherited)";
				INFOPLIST_FILE = StrokeAppTests/Info.plist;
				IPHONEOS_DEPLOYMENT_TARGET = 9.0;
				LD_RUNPATH_SEARCH_PATHS = "$(inherited) @executable_path/Frameworks @loader_path/Frameworks";
				OTHER_LDFLAGS = (
					"-ObjC",
					"-lc++",
					"$(inherited)",
				);
				PRODUCT_BUNDLE_IDENTIFIER = "org.reactjs.native.example.$(PRODUCT_NAME:rfc1034identifier)";
				PRODUCT_NAME = "$(TARGET_NAME)";
				TEST_HOST = "$(BUILT_PRODUCTS_DIR)/StrokeApp.app/StrokeApp";
			};
			name = Release;
		};
		13B07F941A680F5B00A75B9A /* Debug */ = {
			isa = XCBuildConfiguration;
			baseConfigurationReference = DEDD1B62772B5D04235287B4 /* Pods-StrokeApp.debug.xcconfig */;
			buildSettings = {
				ASSETCATALOG_COMPILER_APPICON_NAME = AppIcon;
				CLANG_ENABLE_MODULES = YES;
				CURRENT_PROJECT_VERSION = 1;
				DEAD_CODE_STRIPPING = NO;
				DEVELOPMENT_TEAM = 94N6P42P52;
				HEADER_SEARCH_PATHS = (
					"$(inherited)",
					"\"${PODS_ROOT}/Headers/Public\"",
					"\"${PODS_ROOT}/Headers/Public/DoubleConversion\"",
					"\"${PODS_ROOT}/Headers/Public/React-Core\"",
					"\"${PODS_ROOT}/Headers/Public/React-DevSupport\"",
					"\"${PODS_ROOT}/Headers/Public/React-RCTActionSheet\"",
					"\"${PODS_ROOT}/Headers/Public/React-RCTAnimation\"",
					"\"${PODS_ROOT}/Headers/Public/React-RCTBlob\"",
					"\"${PODS_ROOT}/Headers/Public/React-RCTImage\"",
					"\"${PODS_ROOT}/Headers/Public/React-RCTLinking\"",
					"\"${PODS_ROOT}/Headers/Public/React-RCTNetwork\"",
					"\"${PODS_ROOT}/Headers/Public/React-RCTSettings\"",
					"\"${PODS_ROOT}/Headers/Public/React-RCTText\"",
					"\"${PODS_ROOT}/Headers/Public/React-RCTVibration\"",
					"\"${PODS_ROOT}/Headers/Public/React-RCTWebSocket\"",
					"\"${PODS_ROOT}/Headers/Public/React-cxxreact\"",
					"\"${PODS_ROOT}/Headers/Public/React-jsi\"",
					"\"${PODS_ROOT}/Headers/Public/React-jsiexecutor\"",
					"\"${PODS_ROOT}/Headers/Public/React-jsinspector\"",
					"\"${PODS_ROOT}/Headers/Public/glog\"",
					"\"${PODS_ROOT}/Headers/Public/yoga\"",
				);
				INFOPLIST_FILE = StrokeApp/Info.plist;
				LD_RUNPATH_SEARCH_PATHS = "$(inherited) @executable_path/Frameworks";
				MARKETING_VERSION = 2.0.3;
				OTHER_LDFLAGS = (
					"$(inherited)",
					"-ObjC",
					"-lc++",
				);
				PRODUCT_BUNDLE_IDENTIFIER = "org.reactjs.native.example.$(PRODUCT_NAME:rfc1034identifier)";
				PRODUCT_NAME = StrokeApp;
				SWIFT_OBJC_BRIDGING_HEADER = "StrokeApp-Bridging-Header.h";
				SWIFT_OPTIMIZATION_LEVEL = "-Onone";
				SWIFT_VERSION = 5.0;
				TARGETED_DEVICE_FAMILY = "1,2";
				VERSIONING_SYSTEM = "apple-generic";
			};
			name = Debug;
		};
		13B07F951A680F5B00A75B9A /* Release */ = {
			isa = XCBuildConfiguration;
			baseConfigurationReference = B89EED558862434AFAE4D62B /* Pods-StrokeApp.release.xcconfig */;
			buildSettings = {
				ASSETCATALOG_COMPILER_APPICON_NAME = AppIcon;
				CLANG_ENABLE_MODULES = YES;
				CURRENT_PROJECT_VERSION = 1;
				DEVELOPMENT_TEAM = 94N6P42P52;
				HEADER_SEARCH_PATHS = (
					"$(inherited)",
					"\"${PODS_ROOT}/Headers/Public\"",
					"\"${PODS_ROOT}/Headers/Public/DoubleConversion\"",
					"\"${PODS_ROOT}/Headers/Public/React-Core\"",
					"\"${PODS_ROOT}/Headers/Public/React-DevSupport\"",
					"\"${PODS_ROOT}/Headers/Public/React-RCTActionSheet\"",
					"\"${PODS_ROOT}/Headers/Public/React-RCTAnimation\"",
					"\"${PODS_ROOT}/Headers/Public/React-RCTBlob\"",
					"\"${PODS_ROOT}/Headers/Public/React-RCTImage\"",
					"\"${PODS_ROOT}/Headers/Public/React-RCTLinking\"",
					"\"${PODS_ROOT}/Headers/Public/React-RCTNetwork\"",
					"\"${PODS_ROOT}/Headers/Public/React-RCTSettings\"",
					"\"${PODS_ROOT}/Headers/Public/React-RCTText\"",
					"\"${PODS_ROOT}/Headers/Public/React-RCTVibration\"",
					"\"${PODS_ROOT}/Headers/Public/React-RCTWebSocket\"",
					"\"${PODS_ROOT}/Headers/Public/React-cxxreact\"",
					"\"${PODS_ROOT}/Headers/Public/React-jsi\"",
					"\"${PODS_ROOT}/Headers/Public/React-jsiexecutor\"",
					"\"${PODS_ROOT}/Headers/Public/React-jsinspector\"",
					"\"${PODS_ROOT}/Headers/Public/glog\"",
					"\"${PODS_ROOT}/Headers/Public/yoga\"",
				);
				INFOPLIST_FILE = StrokeApp/Info.plist;
				LD_RUNPATH_SEARCH_PATHS = "$(inherited) @executable_path/Frameworks";
				MARKETING_VERSION = 2.0.3;
				OTHER_LDFLAGS = (
					"$(inherited)",
					"-ObjC",
					"-lc++",
				);
				PRODUCT_BUNDLE_IDENTIFIER = "org.reactjs.native.example.$(PRODUCT_NAME:rfc1034identifier)";
				PRODUCT_NAME = StrokeApp;
				SWIFT_OBJC_BRIDGING_HEADER = "StrokeApp-Bridging-Header.h";
				SWIFT_VERSION = 5.0;
				TARGETED_DEVICE_FAMILY = "1,2";
				VERSIONING_SYSTEM = "apple-generic";
			};
			name = Release;
		};
		2D02E4971E0B4A5E006451C7 /* Debug */ = {
			isa = XCBuildConfiguration;
			baseConfigurationReference = 485C9ECF19FF175213DE0B2D /* Pods-StrokeApp-tvOS.debug.xcconfig */;
			buildSettings = {
				ASSETCATALOG_COMPILER_APPICON_NAME = "App Icon & Top Shelf Image";
				ASSETCATALOG_COMPILER_LAUNCHIMAGE_NAME = LaunchImage;
				CLANG_ANALYZER_NONNULL = YES;
				CLANG_WARN_DOCUMENTATION_COMMENTS = YES;
				CLANG_WARN_INFINITE_RECURSION = YES;
				CLANG_WARN_SUSPICIOUS_MOVE = YES;
				DEBUG_INFORMATION_FORMAT = dwarf;
				DEVELOPMENT_TEAM = 94N6P42P52;
				ENABLE_TESTABILITY = YES;
				GCC_NO_COMMON_BLOCKS = YES;
				HEADER_SEARCH_PATHS = "$(inherited)";
				INFOPLIST_FILE = "StrokeApp-tvOS/Info.plist";
				LD_RUNPATH_SEARCH_PATHS = "$(inherited) @executable_path/Frameworks";
				OTHER_LDFLAGS = (
					"$(inherited)",
					"-ObjC",
					"-lc++",
				);
				PRODUCT_BUNDLE_IDENTIFIER = "com.facebook.REACT.StrokeApp-tvOS";
				PRODUCT_NAME = "$(TARGET_NAME)";
				SDKROOT = appletvos;
				TARGETED_DEVICE_FAMILY = 3;
				TVOS_DEPLOYMENT_TARGET = 9.2;
			};
			name = Debug;
		};
		2D02E4981E0B4A5E006451C7 /* Release */ = {
			isa = XCBuildConfiguration;
			baseConfigurationReference = 2060B3F679D09DC2CF09E270 /* Pods-StrokeApp-tvOS.release.xcconfig */;
			buildSettings = {
				ASSETCATALOG_COMPILER_APPICON_NAME = "App Icon & Top Shelf Image";
				ASSETCATALOG_COMPILER_LAUNCHIMAGE_NAME = LaunchImage;
				CLANG_ANALYZER_NONNULL = YES;
				CLANG_WARN_DOCUMENTATION_COMMENTS = YES;
				CLANG_WARN_INFINITE_RECURSION = YES;
				CLANG_WARN_SUSPICIOUS_MOVE = YES;
				COPY_PHASE_STRIP = NO;
				DEBUG_INFORMATION_FORMAT = "dwarf-with-dsym";
				DEVELOPMENT_TEAM = 94N6P42P52;
				GCC_NO_COMMON_BLOCKS = YES;
				HEADER_SEARCH_PATHS = "$(inherited)";
				INFOPLIST_FILE = "StrokeApp-tvOS/Info.plist";
				LD_RUNPATH_SEARCH_PATHS = "$(inherited) @executable_path/Frameworks";
				OTHER_LDFLAGS = (
					"$(inherited)",
					"-ObjC",
					"-lc++",
				);
				PRODUCT_BUNDLE_IDENTIFIER = "com.facebook.REACT.StrokeApp-tvOS";
				PRODUCT_NAME = "$(TARGET_NAME)";
				SDKROOT = appletvos;
				TARGETED_DEVICE_FAMILY = 3;
				TVOS_DEPLOYMENT_TARGET = 9.2;
			};
			name = Release;
		};
		2D02E4991E0B4A5E006451C7 /* Debug */ = {
			isa = XCBuildConfiguration;
			baseConfigurationReference = C303BB4AE31163D20EF468A2 /* Pods-StrokeApp-tvOSTests.debug.xcconfig */;
			buildSettings = {
				BUNDLE_LOADER = "$(TEST_HOST)";
				CLANG_ANALYZER_NONNULL = YES;
				CLANG_WARN_DOCUMENTATION_COMMENTS = YES;
				CLANG_WARN_INFINITE_RECURSION = YES;
				CLANG_WARN_SUSPICIOUS_MOVE = YES;
				DEBUG_INFORMATION_FORMAT = dwarf;
				DEVELOPMENT_TEAM = 94N6P42P52;
				ENABLE_TESTABILITY = YES;
				GCC_NO_COMMON_BLOCKS = YES;
				HEADER_SEARCH_PATHS = "$(inherited)";
				INFOPLIST_FILE = "StrokeApp-tvOSTests/Info.plist";
				LD_RUNPATH_SEARCH_PATHS = "$(inherited) @executable_path/Frameworks @loader_path/Frameworks";
				OTHER_LDFLAGS = (
					"$(inherited)",
					"-ObjC",
					"-lc++",
				);
				PRODUCT_BUNDLE_IDENTIFIER = "com.facebook.REACT.StrokeApp-tvOSTests";
				PRODUCT_NAME = "$(TARGET_NAME)";
				SDKROOT = appletvos;
				TEST_HOST = "$(BUILT_PRODUCTS_DIR)/StrokeApp-tvOS.app/StrokeApp-tvOS";
				TVOS_DEPLOYMENT_TARGET = 10.1;
			};
			name = Debug;
		};
		2D02E49A1E0B4A5E006451C7 /* Release */ = {
			isa = XCBuildConfiguration;
			baseConfigurationReference = 1C998AD46B83161B3F073611 /* Pods-StrokeApp-tvOSTests.release.xcconfig */;
			buildSettings = {
				BUNDLE_LOADER = "$(TEST_HOST)";
				CLANG_ANALYZER_NONNULL = YES;
				CLANG_WARN_DOCUMENTATION_COMMENTS = YES;
				CLANG_WARN_INFINITE_RECURSION = YES;
				CLANG_WARN_SUSPICIOUS_MOVE = YES;
				COPY_PHASE_STRIP = NO;
				DEBUG_INFORMATION_FORMAT = "dwarf-with-dsym";
				DEVELOPMENT_TEAM = 94N6P42P52;
				GCC_NO_COMMON_BLOCKS = YES;
				HEADER_SEARCH_PATHS = "$(inherited)";
				INFOPLIST_FILE = "StrokeApp-tvOSTests/Info.plist";
				LD_RUNPATH_SEARCH_PATHS = "$(inherited) @executable_path/Frameworks @loader_path/Frameworks";
				OTHER_LDFLAGS = (
					"$(inherited)",
					"-ObjC",
					"-lc++",
				);
				PRODUCT_BUNDLE_IDENTIFIER = "com.facebook.REACT.StrokeApp-tvOSTests";
				PRODUCT_NAME = "$(TARGET_NAME)";
				SDKROOT = appletvos;
				TEST_HOST = "$(BUILT_PRODUCTS_DIR)/StrokeApp-tvOS.app/StrokeApp-tvOS";
				TVOS_DEPLOYMENT_TARGET = 10.1;
			};
			name = Release;
		};
		83CBBA201A601CBA00E9B192 /* Debug */ = {
			isa = XCBuildConfiguration;
			buildSettings = {
				ALWAYS_SEARCH_USER_PATHS = NO;
				CLANG_CXX_LANGUAGE_STANDARD = "gnu++0x";
				CLANG_CXX_LIBRARY = "libc++";
				CLANG_ENABLE_MODULES = YES;
				CLANG_ENABLE_OBJC_ARC = YES;
				CLANG_WARN_BLOCK_CAPTURE_AUTORELEASING = YES;
				CLANG_WARN_BOOL_CONVERSION = YES;
				CLANG_WARN_COMMA = YES;
				CLANG_WARN_CONSTANT_CONVERSION = YES;
				CLANG_WARN_DEPRECATED_OBJC_IMPLEMENTATIONS = YES;
				CLANG_WARN_DIRECT_OBJC_ISA_USAGE = YES_ERROR;
				CLANG_WARN_EMPTY_BODY = YES;
				CLANG_WARN_ENUM_CONVERSION = YES;
				CLANG_WARN_INFINITE_RECURSION = YES;
				CLANG_WARN_INT_CONVERSION = YES;
				CLANG_WARN_NON_LITERAL_NULL_CONVERSION = YES;
				CLANG_WARN_OBJC_IMPLICIT_RETAIN_SELF = YES;
				CLANG_WARN_OBJC_LITERAL_CONVERSION = YES;
				CLANG_WARN_OBJC_ROOT_CLASS = YES_ERROR;
				CLANG_WARN_RANGE_LOOP_ANALYSIS = YES;
				CLANG_WARN_STRICT_PROTOTYPES = YES;
				CLANG_WARN_SUSPICIOUS_MOVE = YES;
				CLANG_WARN_UNREACHABLE_CODE = YES;
				CLANG_WARN__DUPLICATE_METHOD_MATCH = YES;
				"CODE_SIGN_IDENTITY[sdk=iphoneos*]" = "iPhone Developer";
				COPY_PHASE_STRIP = NO;
				ENABLE_STRICT_OBJC_MSGSEND = YES;
				ENABLE_TESTABILITY = YES;
				GCC_C_LANGUAGE_STANDARD = gnu99;
				GCC_DYNAMIC_NO_PIC = NO;
				GCC_NO_COMMON_BLOCKS = YES;
				GCC_OPTIMIZATION_LEVEL = 0;
				GCC_PREPROCESSOR_DEFINITIONS = (
					"DEBUG=1",
					"$(inherited)",
				);
				GCC_SYMBOLS_PRIVATE_EXTERN = NO;
				GCC_WARN_64_TO_32_BIT_CONVERSION = YES;
				GCC_WARN_ABOUT_RETURN_TYPE = YES_ERROR;
				GCC_WARN_UNDECLARED_SELECTOR = YES;
				GCC_WARN_UNINITIALIZED_AUTOS = YES_AGGRESSIVE;
				GCC_WARN_UNUSED_FUNCTION = YES;
				GCC_WARN_UNUSED_VARIABLE = YES;
				IPHONEOS_DEPLOYMENT_TARGET = 9.0;
				MTL_ENABLE_DEBUG_INFO = YES;
				ONLY_ACTIVE_ARCH = YES;
				SDKROOT = iphoneos;
			};
			name = Debug;
		};
		83CBBA211A601CBA00E9B192 /* Release */ = {
			isa = XCBuildConfiguration;
			buildSettings = {
				ALWAYS_SEARCH_USER_PATHS = NO;
				CLANG_CXX_LANGUAGE_STANDARD = "gnu++0x";
				CLANG_CXX_LIBRARY = "libc++";
				CLANG_ENABLE_MODULES = YES;
				CLANG_ENABLE_OBJC_ARC = YES;
				CLANG_WARN_BLOCK_CAPTURE_AUTORELEASING = YES;
				CLANG_WARN_BOOL_CONVERSION = YES;
				CLANG_WARN_COMMA = YES;
				CLANG_WARN_CONSTANT_CONVERSION = YES;
				CLANG_WARN_DEPRECATED_OBJC_IMPLEMENTATIONS = YES;
				CLANG_WARN_DIRECT_OBJC_ISA_USAGE = YES_ERROR;
				CLANG_WARN_EMPTY_BODY = YES;
				CLANG_WARN_ENUM_CONVERSION = YES;
				CLANG_WARN_INFINITE_RECURSION = YES;
				CLANG_WARN_INT_CONVERSION = YES;
				CLANG_WARN_NON_LITERAL_NULL_CONVERSION = YES;
				CLANG_WARN_OBJC_IMPLICIT_RETAIN_SELF = YES;
				CLANG_WARN_OBJC_LITERAL_CONVERSION = YES;
				CLANG_WARN_OBJC_ROOT_CLASS = YES_ERROR;
				CLANG_WARN_RANGE_LOOP_ANALYSIS = YES;
				CLANG_WARN_STRICT_PROTOTYPES = YES;
				CLANG_WARN_SUSPICIOUS_MOVE = YES;
				CLANG_WARN_UNREACHABLE_CODE = YES;
				CLANG_WARN__DUPLICATE_METHOD_MATCH = YES;
				"CODE_SIGN_IDENTITY[sdk=iphoneos*]" = "iPhone Developer";
				COPY_PHASE_STRIP = YES;
				ENABLE_NS_ASSERTIONS = NO;
				ENABLE_STRICT_OBJC_MSGSEND = YES;
				GCC_C_LANGUAGE_STANDARD = gnu99;
				GCC_NO_COMMON_BLOCKS = YES;
				GCC_WARN_64_TO_32_BIT_CONVERSION = YES;
				GCC_WARN_ABOUT_RETURN_TYPE = YES_ERROR;
				GCC_WARN_UNDECLARED_SELECTOR = YES;
				GCC_WARN_UNINITIALIZED_AUTOS = YES_AGGRESSIVE;
				GCC_WARN_UNUSED_FUNCTION = YES;
				GCC_WARN_UNUSED_VARIABLE = YES;
				IPHONEOS_DEPLOYMENT_TARGET = 9.0;
				MTL_ENABLE_DEBUG_INFO = NO;
				SDKROOT = iphoneos;
				VALIDATE_PRODUCT = YES;
			};
			name = Release;
		};
/* End XCBuildConfiguration section */

/* Begin XCConfigurationList section */
		00E357021AD99517003FC87E /* Build configuration list for PBXNativeTarget "StrokeAppTests" */ = {
			isa = XCConfigurationList;
			buildConfigurations = (
				00E356F61AD99517003FC87E /* Debug */,
				00E356F71AD99517003FC87E /* Release */,
			);
			defaultConfigurationIsVisible = 0;
			defaultConfigurationName = Release;
		};
		13B07F931A680F5B00A75B9A /* Build configuration list for PBXNativeTarget "StrokeApp" */ = {
			isa = XCConfigurationList;
			buildConfigurations = (
				13B07F941A680F5B00A75B9A /* Debug */,
				13B07F951A680F5B00A75B9A /* Release */,
			);
			defaultConfigurationIsVisible = 0;
			defaultConfigurationName = Release;
		};
		2D02E4BA1E0B4A5E006451C7 /* Build configuration list for PBXNativeTarget "StrokeApp-tvOS" */ = {
			isa = XCConfigurationList;
			buildConfigurations = (
				2D02E4971E0B4A5E006451C7 /* Debug */,
				2D02E4981E0B4A5E006451C7 /* Release */,
			);
			defaultConfigurationIsVisible = 0;
			defaultConfigurationName = Release;
		};
		2D02E4BB1E0B4A5E006451C7 /* Build configuration list for PBXNativeTarget "StrokeApp-tvOSTests" */ = {
			isa = XCConfigurationList;
			buildConfigurations = (
				2D02E4991E0B4A5E006451C7 /* Debug */,
				2D02E49A1E0B4A5E006451C7 /* Release */,
			);
			defaultConfigurationIsVisible = 0;
			defaultConfigurationName = Release;
		};
		83CBB9FA1A601CBA00E9B192 /* Build configuration list for PBXProject "StrokeApp" */ = {
			isa = XCConfigurationList;
			buildConfigurations = (
				83CBBA201A601CBA00E9B192 /* Debug */,
				83CBBA211A601CBA00E9B192 /* Release */,
			);
			defaultConfigurationIsVisible = 0;
			defaultConfigurationName = Release;
		};
/* End XCConfigurationList section */
	};
	rootObject = 83CBB9F71A601CBA00E9B192 /* Project object */;
}
